// !$*UTF8*$!
{
	archiveVersion = 1;
	classes = {
	};
	objectVersion = 46;
	objects = {

/* Begin PBXBuildFile section */
		6C3913251E5593D200BF4A93 /* DownloadOperation.m in Sources */ = {isa = PBXBuildFile; fileRef = 6C3913241E5593D200BF4A93 /* DownloadOperation.m */; };
		6C3913281E55947300BF4A93 /* AppsTableViewController.m in Sources */ = {isa = PBXBuildFile; fileRef = 6C3913271E55947300BF4A93 /* AppsTableViewController.m */; };
		6C39132B1E55958300BF4A93 /* App.m in Sources */ = {isa = PBXBuildFile; fileRef = 6C39132A1E55958300BF4A93 /* App.m */; };
		6CF6BFD61E54487E00CF03BF /* main.m in Sources */ = {isa = PBXBuildFile; fileRef = 6CF6BFD51E54487E00CF03BF /* main.m */; };
		6CF6BFD91E54487E00CF03BF /* AppDelegate.m in Sources */ = {isa = PBXBuildFile; fileRef = 6CF6BFD81E54487E00CF03BF /* AppDelegate.m */; };
		6CF6BFDF1E54487E00CF03BF /* Main.storyboard in Resources */ = {isa = PBXBuildFile; fileRef = 6CF6BFDD1E54487E00CF03BF /* Main.storyboard */; };
		6CF6BFE11E54487E00CF03BF /* Assets.xcassets in Resources */ = {isa = PBXBuildFile; fileRef = 6CF6BFE01E54487E00CF03BF /* Assets.xcassets */; };
		6CF6BFE41E54487E00CF03BF /* LaunchScreen.storyboard in Resources */ = {isa = PBXBuildFile; fileRef = 6CF6BFE21E54487E00CF03BF /* LaunchScreen.storyboard */; };
		6CF6BFEF1E54487F00CF03BF /* Task12_1Tests.m in Sources */ = {isa = PBXBuildFile; fileRef = 6CF6BFEE1E54487F00CF03BF /* Task12_1Tests.m */; };
		6CF6BFFA1E54487F00CF03BF /* Task12_1UITests.m in Sources */ = {isa = PBXBuildFile; fileRef = 6CF6BFF91E54487F00CF03BF /* Task12_1UITests.m */; };
/* End PBXBuildFile section */

/* Begin PBXContainerItemProxy section */
		6CF6BFEB1E54487F00CF03BF /* PBXContainerItemProxy */ = {
			isa = PBXContainerItemProxy;
			containerPortal = 6CF6BFC91E54487E00CF03BF /* Project object */;
			proxyType = 1;
			remoteGlobalIDString = 6CF6BFD01E54487E00CF03BF;
			remoteInfo = "Task12-1";
		};
		6CF6BFF61E54487F00CF03BF /* PBXContainerItemProxy */ = {
			isa = PBXContainerItemProxy;
			containerPortal = 6CF6BFC91E54487E00CF03BF /* Project object */;
			proxyType = 1;
			remoteGlobalIDString = 6CF6BFD01E54487E00CF03BF;
			remoteInfo = "Task12-1";
		};
/* End PBXContainerItemProxy section */

/* Begin PBXFileReference section */
		6C3913231E5593D200BF4A93 /* DownloadOperation.h */ = {isa = PBXFileReference; fileEncoding = 4; lastKnownFileType = sourcecode.c.h; path = DownloadOperation.h; sourceTree = "<group>"; };
		6C3913241E5593D200BF4A93 /* DownloadOperation.m */ = {isa = PBXFileReference; fileEncoding = 4; lastKnownFileType = sourcecode.c.objc; path = DownloadOperation.m; sourceTree = "<group>"; };
		6C3913261E55947300BF4A93 /* AppsTableViewController.h */ = {isa = PBXFileReference; fileEncoding = 4; lastKnownFileType = sourcecode.c.h; path = AppsTableViewController.h; sourceTree = "<group>"; };
		6C3913271E55947300BF4A93 /* AppsTableViewController.m */ = {isa = PBXFileReference; fileEncoding = 4; lastKnownFileType = sourcecode.c.objc; path = AppsTableViewController.m; sourceTree = "<group>"; };
		6C3913291E55958300BF4A93 /* App.h */ = {isa = PBXFileReference; fileEncoding = 4; lastKnownFileType = sourcecode.c.h; path = App.h; sourceTree = "<group>"; };
		6C39132A1E55958300BF4A93 /* App.m */ = {isa = PBXFileReference; fileEncoding = 4; lastKnownFileType = sourcecode.c.objc; path = App.m; sourceTree = "<group>"; };
		6CF6BFD11E54487E00CF03BF /* Task12-1.app */ = {isa = PBXFileReference; explicitFileType = wrapper.application; includeInIndex = 0; path = "Task12-1.app"; sourceTree = BUILT_PRODUCTS_DIR; };
		6CF6BFD51E54487E00CF03BF /* main.m */ = {isa = PBXFileReference; lastKnownFileType = sourcecode.c.objc; path = main.m; sourceTree = "<group>"; };
		6CF6BFD71E54487E00CF03BF /* AppDelegate.h */ = {isa = PBXFileReference; lastKnownFileType = sourcecode.c.h; path = AppDelegate.h; sourceTree = "<group>"; };
		6CF6BFD81E54487E00CF03BF /* AppDelegate.m */ = {isa = PBXFileReference; lastKnownFileType = sourcecode.c.objc; path = AppDelegate.m; sourceTree = "<group>"; };
		6CF6BFDE1E54487E00CF03BF /* Base */ = {isa = PBXFileReference; lastKnownFileType = file.storyboard; name = Base; path = Base.lproj/Main.storyboard; sourceTree = "<group>"; };
		6CF6BFE01E54487E00CF03BF /* Assets.xcassets */ = {isa = PBXFileReference; lastKnownFileType = folder.assetcatalog; path = Assets.xcassets; sourceTree = "<group>"; };
		6CF6BFE31E54487E00CF03BF /* Base */ = {isa = PBXFileReference; lastKnownFileType = file.storyboard; name = Base; path = Base.lproj/LaunchScreen.storyboard; sourceTree = "<group>"; };
		6CF6BFE51E54487F00CF03BF /* Info.plist */ = {isa = PBXFileReference; lastKnownFileType = text.plist.xml; path = Info.plist; sourceTree = "<group>"; };
		6CF6BFEA1E54487F00CF03BF /* Task12-1Tests.xctest */ = {isa = PBXFileReference; explicitFileType = wrapper.cfbundle; includeInIndex = 0; path = "Task12-1Tests.xctest"; sourceTree = BUILT_PRODUCTS_DIR; };
		6CF6BFEE1E54487F00CF03BF /* Task12_1Tests.m */ = {isa = PBXFileReference; lastKnownFileType = sourcecode.c.objc; path = Task12_1Tests.m; sourceTree = "<group>"; };
		6CF6BFF01E54487F00CF03BF /* Info.plist */ = {isa = PBXFileReference; lastKnownFileType = text.plist.xml; path = Info.plist; sourceTree = "<group>"; };
		6CF6BFF51E54487F00CF03BF /* Task12-1UITests.xctest */ = {isa = PBXFileReference; explicitFileType = wrapper.cfbundle; includeInIndex = 0; path = "Task12-1UITests.xctest"; sourceTree = BUILT_PRODUCTS_DIR; };
		6CF6BFF91E54487F00CF03BF /* Task12_1UITests.m */ = {isa = PBXFileReference; lastKnownFileType = sourcecode.c.objc; path = Task12_1UITests.m; sourceTree = "<group>"; };
		6CF6BFFB1E54487F00CF03BF /* Info.plist */ = {isa = PBXFileReference; lastKnownFileType = text.plist.xml; path = Info.plist; sourceTree = "<group>"; };
/* End PBXFileReference section */

/* Begin PBXFrameworksBuildPhase section */
		6CF6BFCE1E54487E00CF03BF /* Frameworks */ = {
			isa = PBXFrameworksBuildPhase;
			buildActionMask = 2147483647;
			files = (
			);
			runOnlyForDeploymentPostprocessing = 0;
		};
		6CF6BFE71E54487F00CF03BF /* Frameworks */ = {
			isa = PBXFrameworksBuildPhase;
			buildActionMask = 2147483647;
			files = (
			);
			runOnlyForDeploymentPostprocessing = 0;
		};
		6CF6BFF21E54487F00CF03BF /* Frameworks */ = {
			isa = PBXFrameworksBuildPhase;
			buildActionMask = 2147483647;
			files = (
			);
			runOnlyForDeploymentPostprocessing = 0;
		};
/* End PBXFrameworksBuildPhase section */

/* Begin PBXGroup section */
		6CF6BFC81E54487E00CF03BF = {
			isa = PBXGroup;
			children = (
				6CF6BFD31E54487E00CF03BF /* Task12-1 */,
				6CF6BFED1E54487F00CF03BF /* Task12-1Tests */,
				6CF6BFF81E54487F00CF03BF /* Task12-1UITests */,
				6CF6BFD21E54487E00CF03BF /* Products */,
			);
			sourceTree = "<group>";
		};
		6CF6BFD21E54487E00CF03BF /* Products */ = {
			isa = PBXGroup;
			children = (
				6CF6BFD11E54487E00CF03BF /* Task12-1.app */,
				6CF6BFEA1E54487F00CF03BF /* Task12-1Tests.xctest */,
				6CF6BFF51E54487F00CF03BF /* Task12-1UITests.xctest */,
			);
			name = Products;
			sourceTree = "<group>";
		};
		6CF6BFD31E54487E00CF03BF /* Task12-1 */ = {
			isa = PBXGroup;
			children = (
				6CF6BFD71E54487E00CF03BF /* AppDelegate.h */,
				6CF6BFD81E54487E00CF03BF /* AppDelegate.m */,
				6C3913231E5593D200BF4A93 /* DownloadOperation.h */,
				6C3913241E5593D200BF4A93 /* DownloadOperation.m */,
				6C3913261E55947300BF4A93 /* AppsTableViewController.h */,
				6C3913271E55947300BF4A93 /* AppsTableViewController.m */,
				6C3913291E55958300BF4A93 /* App.h */,
				6C39132A1E55958300BF4A93 /* App.m */,
				6CF6BFDD1E54487E00CF03BF /* Main.storyboard */,
				6CF6BFE01E54487E00CF03BF /* Assets.xcassets */,
				6CF6BFE21E54487E00CF03BF /* LaunchScreen.storyboard */,
				6CF6BFE51E54487F00CF03BF /* Info.plist */,
				6CF6BFD41E54487E00CF03BF /* Supporting Files */,
			);
			path = "Task12-1";
			sourceTree = "<group>";
		};
		6CF6BFD41E54487E00CF03BF /* Supporting Files */ = {
			isa = PBXGroup;
			children = (
				6CF6BFD51E54487E00CF03BF /* main.m */,
			);
			name = "Supporting Files";
			sourceTree = "<group>";
		};
		6CF6BFED1E54487F00CF03BF /* Task12-1Tests */ = {
			isa = PBXGroup;
			children = (
				6CF6BFEE1E54487F00CF03BF /* Task12_1Tests.m */,
				6CF6BFF01E54487F00CF03BF /* Info.plist */,
			);
			path = "Task12-1Tests";
			sourceTree = "<group>";
		};
		6CF6BFF81E54487F00CF03BF /* Task12-1UITests */ = {
			isa = PBXGroup;
			children = (
				6CF6BFF91E54487F00CF03BF /* Task12_1UITests.m */,
				6CF6BFFB1E54487F00CF03BF /* Info.plist */,
			);
			path = "Task12-1UITests";
			sourceTree = "<group>";
		};
/* End PBXGroup section */

/* Begin PBXNativeTarget section */
		6CF6BFD01E54487E00CF03BF /* Task12-1 */ = {
			isa = PBXNativeTarget;
			buildConfigurationList = 6CF6BFFE1E54487F00CF03BF /* Build configuration list for PBXNativeTarget "Task12-1" */;
			buildPhases = (
				6CF6BFCD1E54487E00CF03BF /* Sources */,
				6CF6BFCE1E54487E00CF03BF /* Frameworks */,
				6CF6BFCF1E54487E00CF03BF /* Resources */,
			);
			buildRules = (
			);
			dependencies = (
			);
			name = "Task12-1";
			productName = "Task12-1";
			productReference = 6CF6BFD11E54487E00CF03BF /* Task12-1.app */;
			productType = "com.apple.product-type.application";
		};
		6CF6BFE91E54487F00CF03BF /* Task12-1Tests */ = {
			isa = PBXNativeTarget;
			buildConfigurationList = 6CF6C0011E54487F00CF03BF /* Build configuration list for PBXNativeTarget "Task12-1Tests" */;
			buildPhases = (
				6CF6BFE61E54487F00CF03BF /* Sources */,
				6CF6BFE71E54487F00CF03BF /* Frameworks */,
				6CF6BFE81E54487F00CF03BF /* Resources */,
			);
			buildRules = (
			);
			dependencies = (
				6CF6BFEC1E54487F00CF03BF /* PBXTargetDependency */,
			);
			name = "Task12-1Tests";
			productName = "Task12-1Tests";
			productReference = 6CF6BFEA1E54487F00CF03BF /* Task12-1Tests.xctest */;
			productType = "com.apple.product-type.bundle.unit-test";
		};
		6CF6BFF41E54487F00CF03BF /* Task12-1UITests */ = {
			isa = PBXNativeTarget;
			buildConfigurationList = 6CF6C0041E54487F00CF03BF /* Build configuration list for PBXNativeTarget "Task12-1UITests" */;
			buildPhases = (
				6CF6BFF11E54487F00CF03BF /* Sources */,
				6CF6BFF21E54487F00CF03BF /* Frameworks */,
				6CF6BFF31E54487F00CF03BF /* Resources */,
			);
			buildRules = (
			);
			dependencies = (
				6CF6BFF71E54487F00CF03BF /* PBXTargetDependency */,
			);
			name = "Task12-1UITests";
			productName = "Task12-1UITests";
			productReference = 6CF6BFF51E54487F00CF03BF /* Task12-1UITests.xctest */;
			productType = "com.apple.product-type.bundle.ui-testing";
		};
/* End PBXNativeTarget section */

/* Begin PBXProject section */
		6CF6BFC91E54487E00CF03BF /* Project object */ = {
			isa = PBXProject;
			attributes = {
				LastUpgradeCheck = 0820;
				ORGANIZATIONNAME = "🍋";
				TargetAttributes = {
					6CF6BFD01E54487E00CF03BF = {
						CreatedOnToolsVersion = 8.2;
						ProvisioningStyle = Automatic;
					};
					6CF6BFE91E54487F00CF03BF = {
						CreatedOnToolsVersion = 8.2;
						ProvisioningStyle = Automatic;
						TestTargetID = 6CF6BFD01E54487E00CF03BF;
					};
					6CF6BFF41E54487F00CF03BF = {
						CreatedOnToolsVersion = 8.2;
						ProvisioningStyle = Automatic;
						TestTargetID = 6CF6BFD01E54487E00CF03BF;
					};
				};
			};
			buildConfigurationList = 6CF6BFCC1E54487E00CF03BF /* Build configuration list for PBXProject "Task12-1" */;
			compatibilityVersion = "Xcode 3.2";
			developmentRegion = English;
			hasScannedForEncodings = 0;
			knownRegions = (
				en,
				Base,
			);
			mainGroup = 6CF6BFC81E54487E00CF03BF;
			productRefGroup = 6CF6BFD21E54487E00CF03BF /* Products */;
			projectDirPath = "";
			projectRoot = "";
			targets = (
				6CF6BFD01E54487E00CF03BF /* Task12-1 */,
				6CF6BFE91E54487F00CF03BF /* Task12-1Tests */,
				6CF6BFF41E54487F00CF03BF /* Task12-1UITests */,
			);
		};
/* End PBXProject section */

/* Begin PBXResourcesBuildPhase section */
		6CF6BFCF1E54487E00CF03BF /* Resources */ = {
			isa = PBXResourcesBuildPhase;
			buildActionMask = 2147483647;
			files = (
				6CF6BFE41E54487E00CF03BF /* LaunchScreen.storyboard in Resources */,
				6CF6BFE11E54487E00CF03BF /* Assets.xcassets in Resources */,
				6CF6BFDF1E54487E00CF03BF /* Main.storyboard in Resources */,
			);
			runOnlyForDeploymentPostprocessing = 0;
		};
		6CF6BFE81E54487F00CF03BF /* Resources */ = {
			isa = PBXResourcesBuildPhase;
			buildActionMask = 2147483647;
			files = (
			);
			runOnlyForDeploymentPostprocessing = 0;
		};
		6CF6BFF31E54487F00CF03BF /* Resources */ = {
			isa = PBXResourcesBuildPhase;
			buildActionMask = 2147483647;
			files = (
			);
			runOnlyForDeploymentPostprocessing = 0;
		};
/* End PBXResourcesBuildPhase section */

/* Begin PBXSourcesBuildPhase section */
		6CF6BFCD1E54487E00CF03BF /* Sources */ = {
			isa = PBXSourcesBuildPhase;
			buildActionMask = 2147483647;
			files = (
				6CF6BFD91E54487E00CF03BF /* AppDelegate.m in Sources */,
				6CF6BFD61E54487E00CF03BF /* main.m in Sources */,
				6C39132B1E55958300BF4A93 /* App.m in Sources */,
				6C3913251E5593D200BF4A93 /* DownloadOperation.m in Sources */,
				6C3913281E55947300BF4A93 /* AppsTableViewController.m in Sources */,
			);
			runOnlyForDeploymentPostprocessing = 0;
		};
		6CF6BFE61E54487F00CF03BF /* Sources */ = {
			isa = PBXSourcesBuildPhase;
			buildActionMask = 2147483647;
			files = (
				6CF6BFEF1E54487F00CF03BF /* Task12_1Tests.m in Sources */,
			);
			runOnlyForDeploymentPostprocessing = 0;
		};
		6CF6BFF11E54487F00CF03BF /* Sources */ = {
			isa = PBXSourcesBuildPhase;
			buildActionMask = 2147483647;
			files = (
				6CF6BFFA1E54487F00CF03BF /* Task12_1UITests.m in Sources */,
			);
			runOnlyForDeploymentPostprocessing = 0;
		};
/* End PBXSourcesBuildPhase section */

/* Begin PBXTargetDependency section */
		6CF6BFEC1E54487F00CF03BF /* PBXTargetDependency */ = {
			isa = PBXTargetDependency;
			target = 6CF6BFD01E54487E00CF03BF /* Task12-1 */;
			targetProxy = 6CF6BFEB1E54487F00CF03BF /* PBXContainerItemProxy */;
		};
		6CF6BFF71E54487F00CF03BF /* PBXTargetDependency */ = {
			isa = PBXTargetDependency;
			target = 6CF6BFD01E54487E00CF03BF /* Task12-1 */;
			targetProxy = 6CF6BFF61E54487F00CF03BF /* PBXContainerItemProxy */;
		};
/* End PBXTargetDependency section */

/* Begin PBXVariantGroup section */
		6CF6BFDD1E54487E00CF03BF /* Main.storyboard */ = {
			isa = PBXVariantGroup;
			children = (
				6CF6BFDE1E54487E00CF03BF /* Base */,
			);
			name = Main.storyboard;
			sourceTree = "<group>";
		};
		6CF6BFE21E54487E00CF03BF /* LaunchScreen.storyboard */ = {
			isa = PBXVariantGroup;
			children = (
				6CF6BFE31E54487E00CF03BF /* Base */,
			);
			name = LaunchScreen.storyboard;
			sourceTree = "<group>";
		};
/* End PBXVariantGroup section */

/* Begin XCBuildConfiguration section */
		6CF6BFFC1E54487F00CF03BF /* Debug */ = {
			isa = XCBuildConfiguration;
			buildSettings = {
				ALWAYS_SEARCH_USER_PATHS = NO;
				CLANG_ANALYZER_NONNULL = YES;
				CLANG_CXX_LANGUAGE_STANDARD = "gnu++0x";
				CLANG_CXX_LIBRARY = "libc++";
				CLANG_ENABLE_MODULES = YES;
				CLANG_ENABLE_OBJC_ARC = YES;
				CLANG_WARN_BOOL_CONVERSION = YES;
				CLANG_WARN_CONSTANT_CONVERSION = YES;
				CLANG_WARN_DIRECT_OBJC_ISA_USAGE = YES_ERROR;
				CLANG_WARN_DOCUMENTATION_COMMENTS = YES;
				CLANG_WARN_EMPTY_BODY = YES;
				CLANG_WARN_ENUM_CONVERSION = YES;
				CLANG_WARN_INFINITE_RECURSION = YES;
				CLANG_WARN_INT_CONVERSION = YES;
				CLANG_WARN_OBJC_ROOT_CLASS = YES_ERROR;
				CLANG_WARN_SUSPICIOUS_MOVE = YES;
				CLANG_WARN_UNREACHABLE_CODE = YES;
				CLANG_WARN__DUPLICATE_METHOD_MATCH = YES;
				"CODE_SIGN_IDENTITY[sdk=iphoneos*]" = "iPhone Developer";
				COPY_PHASE_STRIP = NO;
				DEBUG_INFORMATION_FORMAT = dwarf;
				ENABLE_STRICT_OBJC_MSGSEND = YES;
				ENABLE_TESTABILITY = YES;
				GCC_C_LANGUAGE_STANDARD = gnu99;
				GCC_DYNAMIC_NO_PIC = NO;
				GCC_NO_COMMON_BLOCKS = YES;
				GCC_OPTIMIZATION_LEVEL = 0;
				GCC_PREPROCESSOR_DEFINITIONS = (
					"DEBUG=1",
					"$(inherited)",
				);
				GCC_WARN_64_TO_32_BIT_CONVERSION = YES;
				GCC_WARN_ABOUT_RETURN_TYPE = YES_ERROR;
				GCC_WARN_UNDECLARED_SELECTOR = YES;
				GCC_WARN_UNINITIALIZED_AUTOS = YES_AGGRESSIVE;
				GCC_WARN_UNUSED_FUNCTION = YES;
				GCC_WARN_UNUSED_VARIABLE = YES;
				IPHONEOS_DEPLOYMENT_TARGET = 10.2;
				MTL_ENABLE_DEBUG_INFO = YES;
				ONLY_ACTIVE_ARCH = YES;
				SDKROOT = iphoneos;
			};
			name = Debug;
		};
		6CF6BFFD1E54487F00CF03BF /* Release */ = {
			isa = XCBuildConfiguration;
			buildSettings = {
				ALWAYS_SEARCH_USER_PATHS = NO;
				CLANG_ANALYZER_NONNULL = YES;
				CLANG_CXX_LANGUAGE_STANDARD = "gnu++0x";
				CLANG_CXX_LIBRARY = "libc++";
				CLANG_ENABLE_MODULES = YES;
				CLANG_ENABLE_OBJC_ARC = YES;
				CLANG_WARN_BOOL_CONVERSION = YES;
				CLANG_WARN_CONSTANT_CONVERSION = YES;
				CLANG_WARN_DIRECT_OBJC_ISA_USAGE = YES_ERROR;
				CLANG_WARN_DOCUMENTATION_COMMENTS = YES;
				CLANG_WARN_EMPTY_BODY = YES;
				CLANG_WARN_ENUM_CONVERSION = YES;
				CLANG_WARN_INFINITE_RECURSION = YES;
				CLANG_WARN_INT_CONVERSION = YES;
				CLANG_WARN_OBJC_ROOT_CLASS = YES_ERROR;
				CLANG_WARN_SUSPICIOUS_MOVE = YES;
				CLANG_WARN_UNREACHABLE_CODE = YES;
				CLANG_WARN__DUPLICATE_METHOD_MATCH = YES;
				"CODE_SIGN_IDENTITY[sdk=iphoneos*]" = "iPhone Developer";
				COPY_PHASE_STRIP = NO;
				DEBUG_INFORMATION_FORMAT = "dwarf-with-dsym";
				ENABLE_NS_ASSERTIONS = NO;
				ENABLE_STRICT_OBJC_MSGSEND = YES;
				GCC_C_LANGUAGE_STANDARD = gnu99;
				GCC_NO_COMMON_BLOCKS = YES;
				GCC_WARN_64_TO_32_BIT_CONVERSION = YES;
				GCC_WARN_ABOUT_RETURN_TYPE = YES_ERROR;
				GCC_WARN_UNDECLARED_SELECTOR = YES;
				GCC_WARN_UNINITIALIZED_AUTOS = YES_AGGRESSIVE;
				GCC_WARN_UNUSED_FUNCTION = YES;
				GCC_WARN_UNUSED_VARIABLE = YES;
				IPHONEOS_DEPLOYMENT_TARGET = 10.2;
				MTL_ENABLE_DEBUG_INFO = NO;
				SDKROOT = iphoneos;
				VALIDATE_PRODUCT = YES;
			};
			name = Release;
		};
		6CF6BFFF1E54487F00CF03BF /* Debug */ = {
			isa = XCBuildConfiguration;
			buildSettings = {
				ASSETCATALOG_COMPILER_APPICON_NAME = AppIcon;
				INFOPLIST_FILE = "Task12-1/Info.plist";
				LD_RUNPATH_SEARCH_PATHS = "$(inherited) @executable_path/Frameworks";
				PRODUCT_BUNDLE_IDENTIFIER = "apple.Task12-1";
				PRODUCT_NAME = "$(TARGET_NAME)";
			};
			name = Debug;
		};
		6CF6C0001E54487F00CF03BF /* Release */ = {
			isa = XCBuildConfiguration;
			buildSettings = {
				ASSETCATALOG_COMPILER_APPICON_NAME = AppIcon;
				INFOPLIST_FILE = "Task12-1/Info.plist";
				LD_RUNPATH_SEARCH_PATHS = "$(inherited) @executable_path/Frameworks";
				PRODUCT_BUNDLE_IDENTIFIER = "apple.Task12-1";
				PRODUCT_NAME = "$(TARGET_NAME)";
			};
			name = Release;
		};
		6CF6C0021E54487F00CF03BF /* Debug */ = {
			isa = XCBuildConfiguration;
			buildSettings = {
				BUNDLE_LOADER = "$(TEST_HOST)";
				INFOPLIST_FILE = "Task12-1Tests/Info.plist";
				LD_RUNPATH_SEARCH_PATHS = "$(inherited) @executable_path/Frameworks @loader_path/Frameworks";
				PRODUCT_BUNDLE_IDENTIFIER = "apple.Task12-1Tests";
				PRODUCT_NAME = "$(TARGET_NAME)";
				TEST_HOST = "$(BUILT_PRODUCTS_DIR)/Task12-1.app/Task12-1";
			};
			name = Debug;
		};
		6CF6C0031E54487F00CF03BF /* Release */ = {
			isa = XCBuildConfiguration;
			buildSettings = {
				BUNDLE_LOADER = "$(TEST_HOST)";
				INFOPLIST_FILE = "Task12-1Tests/Info.plist";
				LD_RUNPATH_SEARCH_PATHS = "$(inherited) @executable_path/Frameworks @loader_path/Frameworks";
				PRODUCT_BUNDLE_IDENTIFIER = "apple.Task12-1Tests";
				PRODUCT_NAME = "$(TARGET_NAME)";
				TEST_HOST = "$(BUILT_PRODUCTS_DIR)/Task12-1.app/Task12-1";
			};
			name = Release;
		};
		6CF6C0051E54487F00CF03BF /* Debug */ = {
			isa = XCBuildConfiguration;
			buildSettings = {
				INFOPLIST_FILE = "Task12-1UITests/Info.plist";
				LD_RUNPATH_SEARCH_PATHS = "$(inherited) @executable_path/Frameworks @loader_path/Frameworks";
				PRODUCT_BUNDLE_IDENTIFIER = "apple.Task12-1UITests";
				PRODUCT_NAME = "$(TARGET_NAME)";
				TEST_TARGET_NAME = "Task12-1";
			};
			name = Debug;
		};
		6CF6C0061E54487F00CF03BF /* Release */ = {
			isa = XCBuildConfiguration;
			buildSettings = {
				INFOPLIST_FILE = "Task12-1UITests/Info.plist";
				LD_RUNPATH_SEARCH_PATHS = "$(inherited) @executable_path/Frameworks @loader_path/Frameworks";
				PRODUCT_BUNDLE_IDENTIFIER = "apple.Task12-1UITests";
				PRODUCT_NAME = "$(TARGET_NAME)";
				TEST_TARGET_NAME = "Task12-1";
			};
			name = Release;
		};
/* End XCBuildConfiguration section */

/* Begin XCConfigurationList section */
		6CF6BFCC1E54487E00CF03BF /* Build configuration list for PBXProject "Task12-1" */ = {
			isa = XCConfigurationList;
			buildConfigurations = (
				6CF6BFFC1E54487F00CF03BF /* Debug */,
				6CF6BFFD1E54487F00CF03BF /* Release */,
			);
			defaultConfigurationIsVisible = 0;
			defaultConfigurationName = Release;
		};
		6CF6BFFE1E54487F00CF03BF /* Build configuration list for PBXNativeTarget "Task12-1" */ = {
			isa = XCConfigurationList;
			buildConfigurations = (
				6CF6BFFF1E54487F00CF03BF /* Debug */,
				6CF6C0001E54487F00CF03BF /* Release */,
			);
			defaultConfigurationIsVisible = 0;
			defaultConfigurationName = Release;
		};
		6CF6C0011E54487F00CF03BF /* Build configuration list for PBXNativeTarget "Task12-1Tests" */ = {
			isa = XCConfigurationList;
			buildConfigurations = (
				6CF6C0021E54487F00CF03BF /* Debug */,
				6CF6C0031E54487F00CF03BF /* Release */,
			);
			defaultConfigurationIsVisible = 0;
			defaultConfigurationName = Release;
		};
		6CF6C0041E54487F00CF03BF /* Build configuration list for PBXNativeTarget "Task12-1UITests" */ = {
			isa = XCConfigurationList;
			buildConfigurations = (
				6CF6C0051E54487F00CF03BF /* Debug */,
				6CF6C0061E54487F00CF03BF /* Release */,
			);
			defaultConfigurationIsVisible = 0;
			defaultConfigurationName = Release;
		};
/* End XCConfigurationList section */
	};
	rootObject = 6CF6BFC91E54487E00CF03BF /* Project object */;
}
