// !$*UTF8*$!
{
	archiveVersion = 1;
	classes = {
	};
	objectVersion = 46;
	objects = {

/* Begin PBXBuildFile section */
		6CBA74EF1D39261C00899852 /* main.m in Sources */ = {isa = PBXBuildFile; fileRef = 6CBA74EE1D39261C00899852 /* main.m */; };
		6CBA74F21D39261C00899852 /* AppDelegate.m in Sources */ = {isa = PBXBuildFile; fileRef = 6CBA74F11D39261C00899852 /* AppDelegate.m */; };
		6CBA74F51D39261C00899852 /* ViewController.m in Sources */ = {isa = PBXBuildFile; fileRef = 6CBA74F41D39261C00899852 /* ViewController.m */; };
		6CBA74F81D39261C00899852 /* Main.storyboard in Resources */ = {isa = PBXBuildFile; fileRef = 6CBA74F61D39261C00899852 /* Main.storyboard */; };
		6CBA74FA1D39261C00899852 /* Assets.xcassets in Resources */ = {isa = PBXBuildFile; fileRef = 6CBA74F91D39261C00899852 /* Assets.xcassets */; };
		6CBA74FD1D39261C00899852 /* LaunchScreen.storyboard in Resources */ = {isa = PBXBuildFile; fileRef = 6CBA74FB1D39261C00899852 /* LaunchScreen.storyboard */; };
		6CBA75081D39261C00899852 /* ___Tests.m in Sources */ = {isa = PBXBuildFile; fileRef = 6CBA75071D39261C00899852 /* ___Tests.m */; };
		6CBA75131D39261C00899852 /* ___UITests.m in Sources */ = {isa = PBXBuildFile; fileRef = 6CBA75121D39261C00899852 /* ___UITests.m */; };
/* End PBXBuildFile section */

/* Begin PBXContainerItemProxy section */
		6CBA75041D39261C00899852 /* PBXContainerItemProxy */ = {
			isa = PBXContainerItemProxy;
			containerPortal = 6CBA74E21D39261C00899852 /* Project object */;
			proxyType = 1;
			remoteGlobalIDString = 6CBA74E91D39261C00899852;
			remoteInfo = "计算器";
		};
		6CBA750F1D39261C00899852 /* PBXContainerItemProxy */ = {
			isa = PBXContainerItemProxy;
			containerPortal = 6CBA74E21D39261C00899852 /* Project object */;
			proxyType = 1;
			remoteGlobalIDString = 6CBA74E91D39261C00899852;
			remoteInfo = "计算器";
		};
/* End PBXContainerItemProxy section */

/* Begin PBXFileReference section */
		6CBA74EA1D39261C00899852 /* 计算器.app */ = {isa = PBXFileReference; explicitFileType = wrapper.application; includeInIndex = 0; path = "计算器.app"; sourceTree = BUILT_PRODUCTS_DIR; };
		6CBA74EE1D39261C00899852 /* main.m */ = {isa = PBXFileReference; lastKnownFileType = sourcecode.c.objc; path = main.m; sourceTree = "<group>"; };
		6CBA74F01D39261C00899852 /* AppDelegate.h */ = {isa = PBXFileReference; lastKnownFileType = sourcecode.c.h; path = AppDelegate.h; sourceTree = "<group>"; };
		6CBA74F11D39261C00899852 /* AppDelegate.m */ = {isa = PBXFileReference; lastKnownFileType = sourcecode.c.objc; path = AppDelegate.m; sourceTree = "<group>"; };
		6CBA74F31D39261C00899852 /* ViewController.h */ = {isa = PBXFileReference; lastKnownFileType = sourcecode.c.h; path = ViewController.h; sourceTree = "<group>"; };
		6CBA74F41D39261C00899852 /* ViewController.m */ = {isa = PBXFileReference; lastKnownFileType = sourcecode.c.objc; path = ViewController.m; sourceTree = "<group>"; };
		6CBA74F71D39261C00899852 /* Base */ = {isa = PBXFileReference; lastKnownFileType = file.storyboard; name = Base; path = Base.lproj/Main.storyboard; sourceTree = "<group>"; };
		6CBA74F91D39261C00899852 /* Assets.xcassets */ = {isa = PBXFileReference; lastKnownFileType = folder.assetcatalog; path = Assets.xcassets; sourceTree = "<group>"; };
		6CBA74FC1D39261C00899852 /* Base */ = {isa = PBXFileReference; lastKnownFileType = file.storyboard; name = Base; path = Base.lproj/LaunchScreen.storyboard; sourceTree = "<group>"; };
		6CBA74FE1D39261C00899852 /* Info.plist */ = {isa = PBXFileReference; lastKnownFileType = text.plist.xml; path = Info.plist; sourceTree = "<group>"; };
		6CBA75031D39261C00899852 /* 计算器Tests.xctest */ = {isa = PBXFileReference; explicitFileType = wrapper.cfbundle; includeInIndex = 0; path = "计算器Tests.xctest"; sourceTree = BUILT_PRODUCTS_DIR; };
		6CBA75071D39261C00899852 /* ___Tests.m */ = {isa = PBXFileReference; lastKnownFileType = sourcecode.c.objc; path = "___Tests.m"; sourceTree = "<group>"; };
		6CBA75091D39261C00899852 /* Info.plist */ = {isa = PBXFileReference; lastKnownFileType = text.plist.xml; path = Info.plist; sourceTree = "<group>"; };
		6CBA750E1D39261C00899852 /* 计算器UITests.xctest */ = {isa = PBXFileReference; explicitFileType = wrapper.cfbundle; includeInIndex = 0; path = "计算器UITests.xctest"; sourceTree = BUILT_PRODUCTS_DIR; };
		6CBA75121D39261C00899852 /* ___UITests.m */ = {isa = PBXFileReference; lastKnownFileType = sourcecode.c.objc; path = "___UITests.m"; sourceTree = "<group>"; };
		6CBA75141D39261C00899852 /* Info.plist */ = {isa = PBXFileReference; lastKnownFileType = text.plist.xml; path = Info.plist; sourceTree = "<group>"; };
/* End PBXFileReference section */

/* Begin PBXFrameworksBuildPhase section */
		6CBA74E71D39261C00899852 /* Frameworks */ = {
			isa = PBXFrameworksBuildPhase;
			buildActionMask = 2147483647;
			files = (
			);
			runOnlyForDeploymentPostprocessing = 0;
		};
		6CBA75001D39261C00899852 /* Frameworks */ = {
			isa = PBXFrameworksBuildPhase;
			buildActionMask = 2147483647;
			files = (
			);
			runOnlyForDeploymentPostprocessing = 0;
		};
		6CBA750B1D39261C00899852 /* Frameworks */ = {
			isa = PBXFrameworksBuildPhase;
			buildActionMask = 2147483647;
			files = (
			);
			runOnlyForDeploymentPostprocessing = 0;
		};
/* End PBXFrameworksBuildPhase section */

/* Begin PBXGroup section */
		6CBA74E11D39261C00899852 = {
			isa = PBXGroup;
			children = (
				6CBA74EC1D39261C00899852 /* 计算器 */,
				6CBA75061D39261C00899852 /* 计算器Tests */,
				6CBA75111D39261C00899852 /* 计算器UITests */,
				6CBA74EB1D39261C00899852 /* Products */,
			);
			sourceTree = "<group>";
		};
		6CBA74EB1D39261C00899852 /* Products */ = {
			isa = PBXGroup;
			children = (
				6CBA74EA1D39261C00899852 /* 计算器.app */,
				6CBA75031D39261C00899852 /* 计算器Tests.xctest */,
				6CBA750E1D39261C00899852 /* 计算器UITests.xctest */,
			);
			name = Products;
			sourceTree = "<group>";
		};
		6CBA74EC1D39261C00899852 /* 计算器 */ = {
			isa = PBXGroup;
			children = (
				6CBA74F01D39261C00899852 /* AppDelegate.h */,
				6CBA74F11D39261C00899852 /* AppDelegate.m */,
				6CBA74F31D39261C00899852 /* ViewController.h */,
				6CBA74F41D39261C00899852 /* ViewController.m */,
				6CBA74F61D39261C00899852 /* Main.storyboard */,
				6CBA74F91D39261C00899852 /* Assets.xcassets */,
				6CBA74FB1D39261C00899852 /* LaunchScreen.storyboard */,
				6CBA74FE1D39261C00899852 /* Info.plist */,
				6CBA74ED1D39261C00899852 /* Supporting Files */,
			);
			path = "计算器";
			sourceTree = "<group>";
		};
		6CBA74ED1D39261C00899852 /* Supporting Files */ = {
			isa = PBXGroup;
			children = (
				6CBA74EE1D39261C00899852 /* main.m */,
			);
			name = "Supporting Files";
			sourceTree = "<group>";
		};
		6CBA75061D39261C00899852 /* 计算器Tests */ = {
			isa = PBXGroup;
			children = (
				6CBA75071D39261C00899852 /* ___Tests.m */,
				6CBA75091D39261C00899852 /* Info.plist */,
			);
			path = "计算器Tests";
			sourceTree = "<group>";
		};
		6CBA75111D39261C00899852 /* 计算器UITests */ = {
			isa = PBXGroup;
			children = (
				6CBA75121D39261C00899852 /* ___UITests.m */,
				6CBA75141D39261C00899852 /* Info.plist */,
			);
			path = "计算器UITests";
			sourceTree = "<group>";
		};
/* End PBXGroup section */

/* Begin PBXNativeTarget section */
		6CBA74E91D39261C00899852 /* 计算器 */ = {
			isa = PBXNativeTarget;
			buildConfigurationList = 6CBA75171D39261C00899852 /* Build configuration list for PBXNativeTarget "计算器" */;
			buildPhases = (
				6CBA74E61D39261C00899852 /* Sources */,
				6CBA74E71D39261C00899852 /* Frameworks */,
				6CBA74E81D39261C00899852 /* Resources */,
			);
			buildRules = (
			);
			dependencies = (
			);
			name = "计算器";
			productName = "计算器";
			productReference = 6CBA74EA1D39261C00899852 /* 计算器.app */;
			productType = "com.apple.product-type.application";
		};
		6CBA75021D39261C00899852 /* 计算器Tests */ = {
			isa = PBXNativeTarget;
			buildConfigurationList = 6CBA751A1D39261C00899852 /* Build configuration list for PBXNativeTarget "计算器Tests" */;
			buildPhases = (
				6CBA74FF1D39261C00899852 /* Sources */,
				6CBA75001D39261C00899852 /* Frameworks */,
				6CBA75011D39261C00899852 /* Resources */,
			);
			buildRules = (
			);
			dependencies = (
				6CBA75051D39261C00899852 /* PBXTargetDependency */,
			);
			name = "计算器Tests";
			productName = "计算器Tests";
			productReference = 6CBA75031D39261C00899852 /* 计算器Tests.xctest */;
			productType = "com.apple.product-type.bundle.unit-test";
		};
		6CBA750D1D39261C00899852 /* 计算器UITests */ = {
			isa = PBXNativeTarget;
			buildConfigurationList = 6CBA751D1D39261C00899852 /* Build configuration list for PBXNativeTarget "计算器UITests" */;
			buildPhases = (
				6CBA750A1D39261C00899852 /* Sources */,
				6CBA750B1D39261C00899852 /* Frameworks */,
				6CBA750C1D39261C00899852 /* Resources */,
			);
			buildRules = (
			);
			dependencies = (
				6CBA75101D39261C00899852 /* PBXTargetDependency */,
			);
			name = "计算器UITests";
			productName = "计算器UITests";
			productReference = 6CBA750E1D39261C00899852 /* 计算器UITests.xctest */;
			productType = "com.apple.product-type.bundle.ui-testing";
		};
/* End PBXNativeTarget section */

/* Begin PBXProject section */
		6CBA74E21D39261C00899852 /* Project object */ = {
			isa = PBXProject;
			attributes = {
				LastUpgradeCheck = 0730;
				ORGANIZATIONNAME = "🍋";
				TargetAttributes = {
					6CBA74E91D39261C00899852 = {
						CreatedOnToolsVersion = 7.3.1;
						DevelopmentTeam = VAG9DN592V;
					};
					6CBA75021D39261C00899852 = {
						CreatedOnToolsVersion = 7.3.1;
						DevelopmentTeam = VAG9DN592V;
						TestTargetID = 6CBA74E91D39261C00899852;
					};
					6CBA750D1D39261C00899852 = {
						CreatedOnToolsVersion = 7.3.1;
						DevelopmentTeam = VAG9DN592V;
						TestTargetID = 6CBA74E91D39261C00899852;
					};
				};
			};
			buildConfigurationList = 6CBA74E51D39261C00899852 /* Build configuration list for PBXProject "计算器" */;
			compatibilityVersion = "Xcode 3.2";
			developmentRegion = English;
			hasScannedForEncodings = 0;
			knownRegions = (
				en,
				Base,
			);
			mainGroup = 6CBA74E11D39261C00899852;
			productRefGroup = 6CBA74EB1D39261C00899852 /* Products */;
			projectDirPath = "";
			projectRoot = "";
			targets = (
				6CBA74E91D39261C00899852 /* 计算器 */,
				6CBA75021D39261C00899852 /* 计算器Tests */,
				6CBA750D1D39261C00899852 /* 计算器UITests */,
			);
		};
/* End PBXProject section */

/* Begin PBXResourcesBuildPhase section */
		6CBA74E81D39261C00899852 /* Resources */ = {
			isa = PBXResourcesBuildPhase;
			buildActionMask = 2147483647;
			files = (
				6CBA74FD1D39261C00899852 /* LaunchScreen.storyboard in Resources */,
				6CBA74FA1D39261C00899852 /* Assets.xcassets in Resources */,
				6CBA74F81D39261C00899852 /* Main.storyboard in Resources */,
			);
			runOnlyForDeploymentPostprocessing = 0;
		};
		6CBA75011D39261C00899852 /* Resources */ = {
			isa = PBXResourcesBuildPhase;
			buildActionMask = 2147483647;
			files = (
			);
			runOnlyForDeploymentPostprocessing = 0;
		};
		6CBA750C1D39261C00899852 /* Resources */ = {
			isa = PBXResourcesBuildPhase;
			buildActionMask = 2147483647;
			files = (
			);
			runOnlyForDeploymentPostprocessing = 0;
		};
/* End PBXResourcesBuildPhase section */

/* Begin PBXSourcesBuildPhase section */
		6CBA74E61D39261C00899852 /* Sources */ = {
			isa = PBXSourcesBuildPhase;
			buildActionMask = 2147483647;
			files = (
				6CBA74F51D39261C00899852 /* ViewController.m in Sources */,
				6CBA74F21D39261C00899852 /* AppDelegate.m in Sources */,
				6CBA74EF1D39261C00899852 /* main.m in Sources */,
			);
			runOnlyForDeploymentPostprocessing = 0;
		};
		6CBA74FF1D39261C00899852 /* Sources */ = {
			isa = PBXSourcesBuildPhase;
			buildActionMask = 2147483647;
			files = (
				6CBA75081D39261C00899852 /* ___Tests.m in Sources */,
			);
			runOnlyForDeploymentPostprocessing = 0;
		};
		6CBA750A1D39261C00899852 /* Sources */ = {
			isa = PBXSourcesBuildPhase;
			buildActionMask = 2147483647;
			files = (
				6CBA75131D39261C00899852 /* ___UITests.m in Sources */,
			);
			runOnlyForDeploymentPostprocessing = 0;
		};
/* End PBXSourcesBuildPhase section */

/* Begin PBXTargetDependency section */
		6CBA75051D39261C00899852 /* PBXTargetDependency */ = {
			isa = PBXTargetDependency;
			target = 6CBA74E91D39261C00899852 /* 计算器 */;
			targetProxy = 6CBA75041D39261C00899852 /* PBXContainerItemProxy */;
		};
		6CBA75101D39261C00899852 /* PBXTargetDependency */ = {
			isa = PBXTargetDependency;
			target = 6CBA74E91D39261C00899852 /* 计算器 */;
			targetProxy = 6CBA750F1D39261C00899852 /* PBXContainerItemProxy */;
		};
/* End PBXTargetDependency section */

/* Begin PBXVariantGroup section */
		6CBA74F61D39261C00899852 /* Main.storyboard */ = {
			isa = PBXVariantGroup;
			children = (
				6CBA74F71D39261C00899852 /* Base */,
			);
			name = Main.storyboard;
			sourceTree = "<group>";
		};
		6CBA74FB1D39261C00899852 /* LaunchScreen.storyboard */ = {
			isa = PBXVariantGroup;
			children = (
				6CBA74FC1D39261C00899852 /* Base */,
			);
			name = LaunchScreen.storyboard;
			sourceTree = "<group>";
		};
/* End PBXVariantGroup section */

/* Begin XCBuildConfiguration section */
		6CBA75151D39261C00899852 /* Debug */ = {
			isa = XCBuildConfiguration;
			buildSettings = {
				ALWAYS_SEARCH_USER_PATHS = NO;
				CLANG_ANALYZER_NONNULL = YES;
				CLANG_CXX_LANGUAGE_STANDARD = "gnu++0x";
				CLANG_CXX_LIBRARY = "libc++";
				CLANG_ENABLE_MODULES = YES;
				CLANG_ENABLE_OBJC_ARC = YES;
				CLANG_WARN_BOOL_CONVERSION = YES;
				CLANG_WARN_CONSTANT_CONVERSION = YES;
				CLANG_WARN_DIRECT_OBJC_ISA_USAGE = YES_ERROR;
				CLANG_WARN_EMPTY_BODY = YES;
				CLANG_WARN_ENUM_CONVERSION = YES;
				CLANG_WARN_INT_CONVERSION = YES;
				CLANG_WARN_OBJC_ROOT_CLASS = YES_ERROR;
				CLANG_WARN_UNREACHABLE_CODE = YES;
				CLANG_WARN__DUPLICATE_METHOD_MATCH = YES;
				"CODE_SIGN_IDENTITY[sdk=iphoneos*]" = "iPhone Developer";
				COPY_PHASE_STRIP = NO;
				DEBUG_INFORMATION_FORMAT = dwarf;
				ENABLE_STRICT_OBJC_MSGSEND = YES;
				ENABLE_TESTABILITY = YES;
				GCC_C_LANGUAGE_STANDARD = gnu99;
				GCC_DYNAMIC_NO_PIC = NO;
				GCC_NO_COMMON_BLOCKS = YES;
				GCC_OPTIMIZATION_LEVEL = 0;
				GCC_PREPROCESSOR_DEFINITIONS = (
					"DEBUG=1",
					"$(inherited)",
				);
				GCC_WARN_64_TO_32_BIT_CONVERSION = YES;
				GCC_WARN_ABOUT_RETURN_TYPE = YES_ERROR;
				GCC_WARN_UNDECLARED_SELECTOR = YES;
				GCC_WARN_UNINITIALIZED_AUTOS = YES_AGGRESSIVE;
				GCC_WARN_UNUSED_FUNCTION = YES;
				GCC_WARN_UNUSED_VARIABLE = YES;
				IPHONEOS_DEPLOYMENT_TARGET = 9.3;
				MTL_ENABLE_DEBUG_INFO = YES;
				ONLY_ACTIVE_ARCH = YES;
				SDKROOT = iphoneos;
				TARGETED_DEVICE_FAMILY = "1,2";
			};
			name = Debug;
		};
		6CBA75161D39261C00899852 /* Release */ = {
			isa = XCBuildConfiguration;
			buildSettings = {
				ALWAYS_SEARCH_USER_PATHS = NO;
				CLANG_ANALYZER_NONNULL = YES;
				CLANG_CXX_LANGUAGE_STANDARD = "gnu++0x";
				CLANG_CXX_LIBRARY = "libc++";
				CLANG_ENABLE_MODULES = YES;
				CLANG_ENABLE_OBJC_ARC = YES;
				CLANG_WARN_BOOL_CONVERSION = YES;
				CLANG_WARN_CONSTANT_CONVERSION = YES;
				CLANG_WARN_DIRECT_OBJC_ISA_USAGE = YES_ERROR;
				CLANG_WARN_EMPTY_BODY = YES;
				CLANG_WARN_ENUM_CONVERSION = YES;
				CLANG_WARN_INT_CONVERSION = YES;
				CLANG_WARN_OBJC_ROOT_CLASS = YES_ERROR;
				CLANG_WARN_UNREACHABLE_CODE = YES;
				CLANG_WARN__DUPLICATE_METHOD_MATCH = YES;
				"CODE_SIGN_IDENTITY[sdk=iphoneos*]" = "iPhone Developer";
				COPY_PHASE_STRIP = NO;
				DEBUG_INFORMATION_FORMAT = "dwarf-with-dsym";
				ENABLE_NS_ASSERTIONS = NO;
				ENABLE_STRICT_OBJC_MSGSEND = YES;
				GCC_C_LANGUAGE_STANDARD = gnu99;
				GCC_NO_COMMON_BLOCKS = YES;
				GCC_WARN_64_TO_32_BIT_CONVERSION = YES;
				GCC_WARN_ABOUT_RETURN_TYPE = YES_ERROR;
				GCC_WARN_UNDECLARED_SELECTOR = YES;
				GCC_WARN_UNINITIALIZED_AUTOS = YES_AGGRESSIVE;
				GCC_WARN_UNUSED_FUNCTION = YES;
				GCC_WARN_UNUSED_VARIABLE = YES;
				IPHONEOS_DEPLOYMENT_TARGET = 9.3;
				MTL_ENABLE_DEBUG_INFO = NO;
				SDKROOT = iphoneos;
				TARGETED_DEVICE_FAMILY = "1,2";
				VALIDATE_PRODUCT = YES;
			};
			name = Release;
		};
		6CBA75181D39261C00899852 /* Debug */ = {
			isa = XCBuildConfiguration;
			buildSettings = {
				ASSETCATALOG_COMPILER_APPICON_NAME = AppIcon;
				INFOPLIST_FILE = "计算器/Info.plist";
				LD_RUNPATH_SEARCH_PATHS = "$(inherited) @executable_path/Frameworks";
				PRODUCT_BUNDLE_IDENTIFIER = apple.jisuanqi;
				PRODUCT_NAME = "$(TARGET_NAME)";
			};
			name = Debug;
		};
		6CBA75191D39261C00899852 /* Release */ = {
			isa = XCBuildConfiguration;
			buildSettings = {
				ASSETCATALOG_COMPILER_APPICON_NAME = AppIcon;
				INFOPLIST_FILE = "计算器/Info.plist";
				LD_RUNPATH_SEARCH_PATHS = "$(inherited) @executable_path/Frameworks";
				PRODUCT_BUNDLE_IDENTIFIER = apple.jisuanqi;
				PRODUCT_NAME = "$(TARGET_NAME)";
			};
			name = Release;
		};
		6CBA751B1D39261C00899852 /* Debug */ = {
			isa = XCBuildConfiguration;
			buildSettings = {
				BUNDLE_LOADER = "$(TEST_HOST)";
				INFOPLIST_FILE = "计算器Tests/Info.plist";
				LD_RUNPATH_SEARCH_PATHS = "$(inherited) @executable_path/Frameworks @loader_path/Frameworks";
				PRODUCT_BUNDLE_IDENTIFIER = "apple.---Tests";
				PRODUCT_NAME = "$(TARGET_NAME)";
				TEST_HOST = "$(BUILT_PRODUCTS_DIR)/计算器.app/计算器";
			};
			name = Debug;
		};
		6CBA751C1D39261C00899852 /* Release */ = {
			isa = XCBuildConfiguration;
			buildSettings = {
				BUNDLE_LOADER = "$(TEST_HOST)";
				INFOPLIST_FILE = "计算器Tests/Info.plist";
				LD_RUNPATH_SEARCH_PATHS = "$(inherited) @executable_path/Frameworks @loader_path/Frameworks";
				PRODUCT_BUNDLE_IDENTIFIER = "apple.---Tests";
				PRODUCT_NAME = "$(TARGET_NAME)";
				TEST_HOST = "$(BUILT_PRODUCTS_DIR)/计算器.app/计算器";
			};
			name = Release;
		};
		6CBA751E1D39261C00899852 /* Debug */ = {
			isa = XCBuildConfiguration;
			buildSettings = {
				INFOPLIST_FILE = "计算器UITests/Info.plist";
				LD_RUNPATH_SEARCH_PATHS = "$(inherited) @executable_path/Frameworks @loader_path/Frameworks";
				PRODUCT_BUNDLE_IDENTIFIER = "apple.---UITests";
				PRODUCT_NAME = "$(TARGET_NAME)";
				TEST_TARGET_NAME = "计算器";
			};
			name = Debug;
		};
		6CBA751F1D39261C00899852 /* Release */ = {
			isa = XCBuildConfiguration;
			buildSettings = {
				INFOPLIST_FILE = "计算器UITests/Info.plist";
				LD_RUNPATH_SEARCH_PATHS = "$(inherited) @executable_path/Frameworks @loader_path/Frameworks";
				PRODUCT_BUNDLE_IDENTIFIER = "apple.---UITests";
				PRODUCT_NAME = "$(TARGET_NAME)";
				TEST_TARGET_NAME = "计算器";
			};
			name = Release;
		};
/* End XCBuildConfiguration section */

/* Begin XCConfigurationList section */
		6CBA74E51D39261C00899852 /* Build configuration list for PBXProject "计算器" */ = {
			isa = XCConfigurationList;
			buildConfigurations = (
				6CBA75151D39261C00899852 /* Debug */,
				6CBA75161D39261C00899852 /* Release */,
			);
			defaultConfigurationIsVisible = 0;
			defaultConfigurationName = Release;
		};
		6CBA75171D39261C00899852 /* Build configuration list for PBXNativeTarget "计算器" */ = {
			isa = XCConfigurationList;
			buildConfigurations = (
				6CBA75181D39261C00899852 /* Debug */,
				6CBA75191D39261C00899852 /* Release */,
			);
			defaultConfigurationIsVisible = 0;
		};
		6CBA751A1D39261C00899852 /* Build configuration list for PBXNativeTarget "计算器Tests" */ = {
			isa = XCConfigurationList;
			buildConfigurations = (
				6CBA751B1D39261C00899852 /* Debug */,
				6CBA751C1D39261C00899852 /* Release */,
			);
			defaultConfigurationIsVisible = 0;
		};
		6CBA751D1D39261C00899852 /* Build configuration list for PBXNativeTarget "计算器UITests" */ = {
			isa = XCConfigurationList;
			buildConfigurations = (
				6CBA751E1D39261C00899852 /* Debug */,
				6CBA751F1D39261C00899852 /* Release */,
			);
			defaultConfigurationIsVisible = 0;
		};
/* End XCConfigurationList section */
	};
	rootObject = 6CBA74E21D39261C00899852 /* Project object */;
}
