// !$*UTF8*$!
{
	archiveVersion = 1;
	classes = {
	};
	objectVersion = 46;
	objects = {

/* Begin PBXBuildFile section */
		6C5B39221D4C87A700A6FD0E /* main.m in Sources */ = {isa = PBXBuildFile; fileRef = 6C5B39211D4C87A700A6FD0E /* main.m */; };
		6C5B39251D4C87A700A6FD0E /* AppDelegate.m in Sources */ = {isa = PBXBuildFile; fileRef = 6C5B39241D4C87A700A6FD0E /* AppDelegate.m */; };
		6C5B39281D4C87A700A6FD0E /* ViewController.m in Sources */ = {isa = PBXBuildFile; fileRef = 6C5B39271D4C87A700A6FD0E /* ViewController.m */; };
		6C5B392B1D4C87A700A6FD0E /* Main.storyboard in Resources */ = {isa = PBXBuildFile; fileRef = 6C5B39291D4C87A700A6FD0E /* Main.storyboard */; };
		6C5B392D1D4C87A700A6FD0E /* Assets.xcassets in Resources */ = {isa = PBXBuildFile; fileRef = 6C5B392C1D4C87A700A6FD0E /* Assets.xcassets */; };
		6C5B39301D4C87A700A6FD0E /* LaunchScreen.storyboard in Resources */ = {isa = PBXBuildFile; fileRef = 6C5B392E1D4C87A700A6FD0E /* LaunchScreen.storyboard */; };
		6C5B393B1D4C87A700A6FD0E /* __2Tests.m in Sources */ = {isa = PBXBuildFile; fileRef = 6C5B393A1D4C87A700A6FD0E /* __2Tests.m */; };
		6C5B39461D4C87A700A6FD0E /* __2UITests.m in Sources */ = {isa = PBXBuildFile; fileRef = 6C5B39451D4C87A700A6FD0E /* __2UITests.m */; };
/* End PBXBuildFile section */

/* Begin PBXContainerItemProxy section */
		6C5B39371D4C87A700A6FD0E /* PBXContainerItemProxy */ = {
			isa = PBXContainerItemProxy;
			containerPortal = 6C5B39151D4C87A700A6FD0E /* Project object */;
			proxyType = 1;
			remoteGlobalIDString = 6C5B391C1D4C87A700A6FD0E;
			remoteInfo = "动画2";
		};
		6C5B39421D4C87A700A6FD0E /* PBXContainerItemProxy */ = {
			isa = PBXContainerItemProxy;
			containerPortal = 6C5B39151D4C87A700A6FD0E /* Project object */;
			proxyType = 1;
			remoteGlobalIDString = 6C5B391C1D4C87A700A6FD0E;
			remoteInfo = "动画2";
		};
/* End PBXContainerItemProxy section */

/* Begin PBXFileReference section */
		6C5B391D1D4C87A700A6FD0E /* 动画2.app */ = {isa = PBXFileReference; explicitFileType = wrapper.application; includeInIndex = 0; path = "动画2.app"; sourceTree = BUILT_PRODUCTS_DIR; };
		6C5B39211D4C87A700A6FD0E /* main.m */ = {isa = PBXFileReference; lastKnownFileType = sourcecode.c.objc; path = main.m; sourceTree = "<group>"; };
		6C5B39231D4C87A700A6FD0E /* AppDelegate.h */ = {isa = PBXFileReference; lastKnownFileType = sourcecode.c.h; path = AppDelegate.h; sourceTree = "<group>"; };
		6C5B39241D4C87A700A6FD0E /* AppDelegate.m */ = {isa = PBXFileReference; lastKnownFileType = sourcecode.c.objc; path = AppDelegate.m; sourceTree = "<group>"; };
		6C5B39261D4C87A700A6FD0E /* ViewController.h */ = {isa = PBXFileReference; lastKnownFileType = sourcecode.c.h; path = ViewController.h; sourceTree = "<group>"; };
		6C5B39271D4C87A700A6FD0E /* ViewController.m */ = {isa = PBXFileReference; lastKnownFileType = sourcecode.c.objc; path = ViewController.m; sourceTree = "<group>"; };
		6C5B392A1D4C87A700A6FD0E /* Base */ = {isa = PBXFileReference; lastKnownFileType = file.storyboard; name = Base; path = Base.lproj/Main.storyboard; sourceTree = "<group>"; };
		6C5B392C1D4C87A700A6FD0E /* Assets.xcassets */ = {isa = PBXFileReference; lastKnownFileType = folder.assetcatalog; path = Assets.xcassets; sourceTree = "<group>"; };
		6C5B392F1D4C87A700A6FD0E /* Base */ = {isa = PBXFileReference; lastKnownFileType = file.storyboard; name = Base; path = Base.lproj/LaunchScreen.storyboard; sourceTree = "<group>"; };
		6C5B39311D4C87A700A6FD0E /* Info.plist */ = {isa = PBXFileReference; lastKnownFileType = text.plist.xml; path = Info.plist; sourceTree = "<group>"; };
		6C5B39361D4C87A700A6FD0E /* 动画2Tests.xctest */ = {isa = PBXFileReference; explicitFileType = wrapper.cfbundle; includeInIndex = 0; path = "动画2Tests.xctest"; sourceTree = BUILT_PRODUCTS_DIR; };
		6C5B393A1D4C87A700A6FD0E /* __2Tests.m */ = {isa = PBXFileReference; lastKnownFileType = sourcecode.c.objc; path = __2Tests.m; sourceTree = "<group>"; };
		6C5B393C1D4C87A700A6FD0E /* Info.plist */ = {isa = PBXFileReference; lastKnownFileType = text.plist.xml; path = Info.plist; sourceTree = "<group>"; };
		6C5B39411D4C87A700A6FD0E /* 动画2UITests.xctest */ = {isa = PBXFileReference; explicitFileType = wrapper.cfbundle; includeInIndex = 0; path = "动画2UITests.xctest"; sourceTree = BUILT_PRODUCTS_DIR; };
		6C5B39451D4C87A700A6FD0E /* __2UITests.m */ = {isa = PBXFileReference; lastKnownFileType = sourcecode.c.objc; path = __2UITests.m; sourceTree = "<group>"; };
		6C5B39471D4C87A700A6FD0E /* Info.plist */ = {isa = PBXFileReference; lastKnownFileType = text.plist.xml; path = Info.plist; sourceTree = "<group>"; };
/* End PBXFileReference section */

/* Begin PBXFrameworksBuildPhase section */
		6C5B391A1D4C87A700A6FD0E /* Frameworks */ = {
			isa = PBXFrameworksBuildPhase;
			buildActionMask = 2147483647;
			files = (
			);
			runOnlyForDeploymentPostprocessing = 0;
		};
		6C5B39331D4C87A700A6FD0E /* Frameworks */ = {
			isa = PBXFrameworksBuildPhase;
			buildActionMask = 2147483647;
			files = (
			);
			runOnlyForDeploymentPostprocessing = 0;
		};
		6C5B393E1D4C87A700A6FD0E /* Frameworks */ = {
			isa = PBXFrameworksBuildPhase;
			buildActionMask = 2147483647;
			files = (
			);
			runOnlyForDeploymentPostprocessing = 0;
		};
/* End PBXFrameworksBuildPhase section */

/* Begin PBXGroup section */
		6C5B39141D4C87A700A6FD0E = {
			isa = PBXGroup;
			children = (
				6C5B391F1D4C87A700A6FD0E /* 动画2 */,
				6C5B39391D4C87A700A6FD0E /* 动画2Tests */,
				6C5B39441D4C87A700A6FD0E /* 动画2UITests */,
				6C5B391E1D4C87A700A6FD0E /* Products */,
			);
			sourceTree = "<group>";
		};
		6C5B391E1D4C87A700A6FD0E /* Products */ = {
			isa = PBXGroup;
			children = (
				6C5B391D1D4C87A700A6FD0E /* 动画2.app */,
				6C5B39361D4C87A700A6FD0E /* 动画2Tests.xctest */,
				6C5B39411D4C87A700A6FD0E /* 动画2UITests.xctest */,
			);
			name = Products;
			sourceTree = "<group>";
		};
		6C5B391F1D4C87A700A6FD0E /* 动画2 */ = {
			isa = PBXGroup;
			children = (
				6C5B39231D4C87A700A6FD0E /* AppDelegate.h */,
				6C5B39241D4C87A700A6FD0E /* AppDelegate.m */,
				6C5B39261D4C87A700A6FD0E /* ViewController.h */,
				6C5B39271D4C87A700A6FD0E /* ViewController.m */,
				6C5B39291D4C87A700A6FD0E /* Main.storyboard */,
				6C5B392C1D4C87A700A6FD0E /* Assets.xcassets */,
				6C5B392E1D4C87A700A6FD0E /* LaunchScreen.storyboard */,
				6C5B39311D4C87A700A6FD0E /* Info.plist */,
				6C5B39201D4C87A700A6FD0E /* Supporting Files */,
			);
			path = "动画2";
			sourceTree = "<group>";
		};
		6C5B39201D4C87A700A6FD0E /* Supporting Files */ = {
			isa = PBXGroup;
			children = (
				6C5B39211D4C87A700A6FD0E /* main.m */,
			);
			name = "Supporting Files";
			sourceTree = "<group>";
		};
		6C5B39391D4C87A700A6FD0E /* 动画2Tests */ = {
			isa = PBXGroup;
			children = (
				6C5B393A1D4C87A700A6FD0E /* __2Tests.m */,
				6C5B393C1D4C87A700A6FD0E /* Info.plist */,
			);
			path = "动画2Tests";
			sourceTree = "<group>";
		};
		6C5B39441D4C87A700A6FD0E /* 动画2UITests */ = {
			isa = PBXGroup;
			children = (
				6C5B39451D4C87A700A6FD0E /* __2UITests.m */,
				6C5B39471D4C87A700A6FD0E /* Info.plist */,
			);
			path = "动画2UITests";
			sourceTree = "<group>";
		};
/* End PBXGroup section */

/* Begin PBXNativeTarget section */
		6C5B391C1D4C87A700A6FD0E /* 动画2 */ = {
			isa = PBXNativeTarget;
			buildConfigurationList = 6C5B394A1D4C87A700A6FD0E /* Build configuration list for PBXNativeTarget "动画2" */;
			buildPhases = (
				6C5B39191D4C87A700A6FD0E /* Sources */,
				6C5B391A1D4C87A700A6FD0E /* Frameworks */,
				6C5B391B1D4C87A700A6FD0E /* Resources */,
			);
			buildRules = (
			);
			dependencies = (
			);
			name = "动画2";
			productName = "动画2";
			productReference = 6C5B391D1D4C87A700A6FD0E /* 动画2.app */;
			productType = "com.apple.product-type.application";
		};
		6C5B39351D4C87A700A6FD0E /* 动画2Tests */ = {
			isa = PBXNativeTarget;
			buildConfigurationList = 6C5B394D1D4C87A700A6FD0E /* Build configuration list for PBXNativeTarget "动画2Tests" */;
			buildPhases = (
				6C5B39321D4C87A700A6FD0E /* Sources */,
				6C5B39331D4C87A700A6FD0E /* Frameworks */,
				6C5B39341D4C87A700A6FD0E /* Resources */,
			);
			buildRules = (
			);
			dependencies = (
				6C5B39381D4C87A700A6FD0E /* PBXTargetDependency */,
			);
			name = "动画2Tests";
			productName = "动画2Tests";
			productReference = 6C5B39361D4C87A700A6FD0E /* 动画2Tests.xctest */;
			productType = "com.apple.product-type.bundle.unit-test";
		};
		6C5B39401D4C87A700A6FD0E /* 动画2UITests */ = {
			isa = PBXNativeTarget;
			buildConfigurationList = 6C5B39501D4C87A700A6FD0E /* Build configuration list for PBXNativeTarget "动画2UITests" */;
			buildPhases = (
				6C5B393D1D4C87A700A6FD0E /* Sources */,
				6C5B393E1D4C87A700A6FD0E /* Frameworks */,
				6C5B393F1D4C87A700A6FD0E /* Resources */,
			);
			buildRules = (
			);
			dependencies = (
				6C5B39431D4C87A700A6FD0E /* PBXTargetDependency */,
			);
			name = "动画2UITests";
			productName = "动画2UITests";
			productReference = 6C5B39411D4C87A700A6FD0E /* 动画2UITests.xctest */;
			productType = "com.apple.product-type.bundle.ui-testing";
		};
/* End PBXNativeTarget section */

/* Begin PBXProject section */
		6C5B39151D4C87A700A6FD0E /* Project object */ = {
			isa = PBXProject;
			attributes = {
				LastUpgradeCheck = 0730;
				ORGANIZATIONNAME = "🍋";
				TargetAttributes = {
					6C5B391C1D4C87A700A6FD0E = {
						CreatedOnToolsVersion = 7.3.1;
					};
					6C5B39351D4C87A700A6FD0E = {
						CreatedOnToolsVersion = 7.3.1;
						DevelopmentTeam = VAG9DN592V;
						TestTargetID = 6C5B391C1D4C87A700A6FD0E;
					};
					6C5B39401D4C87A700A6FD0E = {
						CreatedOnToolsVersion = 7.3.1;
						DevelopmentTeam = VAG9DN592V;
						TestTargetID = 6C5B391C1D4C87A700A6FD0E;
					};
				};
			};
			buildConfigurationList = 6C5B39181D4C87A700A6FD0E /* Build configuration list for PBXProject "动画2" */;
			compatibilityVersion = "Xcode 3.2";
			developmentRegion = English;
			hasScannedForEncodings = 0;
			knownRegions = (
				en,
				Base,
			);
			mainGroup = 6C5B39141D4C87A700A6FD0E;
			productRefGroup = 6C5B391E1D4C87A700A6FD0E /* Products */;
			projectDirPath = "";
			projectRoot = "";
			targets = (
				6C5B391C1D4C87A700A6FD0E /* 动画2 */,
				6C5B39351D4C87A700A6FD0E /* 动画2Tests */,
				6C5B39401D4C87A700A6FD0E /* 动画2UITests */,
			);
		};
/* End PBXProject section */

/* Begin PBXResourcesBuildPhase section */
		6C5B391B1D4C87A700A6FD0E /* Resources */ = {
			isa = PBXResourcesBuildPhase;
			buildActionMask = 2147483647;
			files = (
				6C5B39301D4C87A700A6FD0E /* LaunchScreen.storyboard in Resources */,
				6C5B392D1D4C87A700A6FD0E /* Assets.xcassets in Resources */,
				6C5B392B1D4C87A700A6FD0E /* Main.storyboard in Resources */,
			);
			runOnlyForDeploymentPostprocessing = 0;
		};
		6C5B39341D4C87A700A6FD0E /* Resources */ = {
			isa = PBXResourcesBuildPhase;
			buildActionMask = 2147483647;
			files = (
			);
			runOnlyForDeploymentPostprocessing = 0;
		};
		6C5B393F1D4C87A700A6FD0E /* Resources */ = {
			isa = PBXResourcesBuildPhase;
			buildActionMask = 2147483647;
			files = (
			);
			runOnlyForDeploymentPostprocessing = 0;
		};
/* End PBXResourcesBuildPhase section */

/* Begin PBXSourcesBuildPhase section */
		6C5B39191D4C87A700A6FD0E /* Sources */ = {
			isa = PBXSourcesBuildPhase;
			buildActionMask = 2147483647;
			files = (
				6C5B39281D4C87A700A6FD0E /* ViewController.m in Sources */,
				6C5B39251D4C87A700A6FD0E /* AppDelegate.m in Sources */,
				6C5B39221D4C87A700A6FD0E /* main.m in Sources */,
			);
			runOnlyForDeploymentPostprocessing = 0;
		};
		6C5B39321D4C87A700A6FD0E /* Sources */ = {
			isa = PBXSourcesBuildPhase;
			buildActionMask = 2147483647;
			files = (
				6C5B393B1D4C87A700A6FD0E /* __2Tests.m in Sources */,
			);
			runOnlyForDeploymentPostprocessing = 0;
		};
		6C5B393D1D4C87A700A6FD0E /* Sources */ = {
			isa = PBXSourcesBuildPhase;
			buildActionMask = 2147483647;
			files = (
				6C5B39461D4C87A700A6FD0E /* __2UITests.m in Sources */,
			);
			runOnlyForDeploymentPostprocessing = 0;
		};
/* End PBXSourcesBuildPhase section */

/* Begin PBXTargetDependency section */
		6C5B39381D4C87A700A6FD0E /* PBXTargetDependency */ = {
			isa = PBXTargetDependency;
			target = 6C5B391C1D4C87A700A6FD0E /* 动画2 */;
			targetProxy = 6C5B39371D4C87A700A6FD0E /* PBXContainerItemProxy */;
		};
		6C5B39431D4C87A700A6FD0E /* PBXTargetDependency */ = {
			isa = PBXTargetDependency;
			target = 6C5B391C1D4C87A700A6FD0E /* 动画2 */;
			targetProxy = 6C5B39421D4C87A700A6FD0E /* PBXContainerItemProxy */;
		};
/* End PBXTargetDependency section */

/* Begin PBXVariantGroup section */
		6C5B39291D4C87A700A6FD0E /* Main.storyboard */ = {
			isa = PBXVariantGroup;
			children = (
				6C5B392A1D4C87A700A6FD0E /* Base */,
			);
			name = Main.storyboard;
			sourceTree = "<group>";
		};
		6C5B392E1D4C87A700A6FD0E /* LaunchScreen.storyboard */ = {
			isa = PBXVariantGroup;
			children = (
				6C5B392F1D4C87A700A6FD0E /* Base */,
			);
			name = LaunchScreen.storyboard;
			sourceTree = "<group>";
		};
/* End PBXVariantGroup section */

/* Begin XCBuildConfiguration section */
		6C5B39481D4C87A700A6FD0E /* Debug */ = {
			isa = XCBuildConfiguration;
			buildSettings = {
				ALWAYS_SEARCH_USER_PATHS = NO;
				CLANG_ANALYZER_NONNULL = YES;
				CLANG_CXX_LANGUAGE_STANDARD = "gnu++0x";
				CLANG_CXX_LIBRARY = "libc++";
				CLANG_ENABLE_MODULES = YES;
				CLANG_ENABLE_OBJC_ARC = YES;
				CLANG_WARN_BOOL_CONVERSION = YES;
				CLANG_WARN_CONSTANT_CONVERSION = YES;
				CLANG_WARN_DIRECT_OBJC_ISA_USAGE = YES_ERROR;
				CLANG_WARN_EMPTY_BODY = YES;
				CLANG_WARN_ENUM_CONVERSION = YES;
				CLANG_WARN_INT_CONVERSION = YES;
				CLANG_WARN_OBJC_ROOT_CLASS = YES_ERROR;
				CLANG_WARN_UNREACHABLE_CODE = YES;
				CLANG_WARN__DUPLICATE_METHOD_MATCH = YES;
				"CODE_SIGN_IDENTITY[sdk=iphoneos*]" = "iPhone Developer";
				COPY_PHASE_STRIP = NO;
				DEBUG_INFORMATION_FORMAT = dwarf;
				ENABLE_STRICT_OBJC_MSGSEND = YES;
				ENABLE_TESTABILITY = YES;
				GCC_C_LANGUAGE_STANDARD = gnu99;
				GCC_DYNAMIC_NO_PIC = NO;
				GCC_NO_COMMON_BLOCKS = YES;
				GCC_OPTIMIZATION_LEVEL = 0;
				GCC_PREPROCESSOR_DEFINITIONS = (
					"DEBUG=1",
					"$(inherited)",
				);
				GCC_WARN_64_TO_32_BIT_CONVERSION = YES;
				GCC_WARN_ABOUT_RETURN_TYPE = YES_ERROR;
				GCC_WARN_UNDECLARED_SELECTOR = YES;
				GCC_WARN_UNINITIALIZED_AUTOS = YES_AGGRESSIVE;
				GCC_WARN_UNUSED_FUNCTION = YES;
				GCC_WARN_UNUSED_VARIABLE = YES;
				IPHONEOS_DEPLOYMENT_TARGET = 9.3;
				MTL_ENABLE_DEBUG_INFO = YES;
				ONLY_ACTIVE_ARCH = YES;
				SDKROOT = iphoneos;
				TARGETED_DEVICE_FAMILY = "1,2";
			};
			name = Debug;
		};
		6C5B39491D4C87A700A6FD0E /* Release */ = {
			isa = XCBuildConfiguration;
			buildSettings = {
				ALWAYS_SEARCH_USER_PATHS = NO;
				CLANG_ANALYZER_NONNULL = YES;
				CLANG_CXX_LANGUAGE_STANDARD = "gnu++0x";
				CLANG_CXX_LIBRARY = "libc++";
				CLANG_ENABLE_MODULES = YES;
				CLANG_ENABLE_OBJC_ARC = YES;
				CLANG_WARN_BOOL_CONVERSION = YES;
				CLANG_WARN_CONSTANT_CONVERSION = YES;
				CLANG_WARN_DIRECT_OBJC_ISA_USAGE = YES_ERROR;
				CLANG_WARN_EMPTY_BODY = YES;
				CLANG_WARN_ENUM_CONVERSION = YES;
				CLANG_WARN_INT_CONVERSION = YES;
				CLANG_WARN_OBJC_ROOT_CLASS = YES_ERROR;
				CLANG_WARN_UNREACHABLE_CODE = YES;
				CLANG_WARN__DUPLICATE_METHOD_MATCH = YES;
				"CODE_SIGN_IDENTITY[sdk=iphoneos*]" = "iPhone Developer";
				COPY_PHASE_STRIP = NO;
				DEBUG_INFORMATION_FORMAT = "dwarf-with-dsym";
				ENABLE_NS_ASSERTIONS = NO;
				ENABLE_STRICT_OBJC_MSGSEND = YES;
				GCC_C_LANGUAGE_STANDARD = gnu99;
				GCC_NO_COMMON_BLOCKS = YES;
				GCC_WARN_64_TO_32_BIT_CONVERSION = YES;
				GCC_WARN_ABOUT_RETURN_TYPE = YES_ERROR;
				GCC_WARN_UNDECLARED_SELECTOR = YES;
				GCC_WARN_UNINITIALIZED_AUTOS = YES_AGGRESSIVE;
				GCC_WARN_UNUSED_FUNCTION = YES;
				GCC_WARN_UNUSED_VARIABLE = YES;
				IPHONEOS_DEPLOYMENT_TARGET = 9.3;
				MTL_ENABLE_DEBUG_INFO = NO;
				SDKROOT = iphoneos;
				TARGETED_DEVICE_FAMILY = "1,2";
				VALIDATE_PRODUCT = YES;
			};
			name = Release;
		};
		6C5B394B1D4C87A700A6FD0E /* Debug */ = {
			isa = XCBuildConfiguration;
			buildSettings = {
				ASSETCATALOG_COMPILER_APPICON_NAME = AppIcon;
				CODE_SIGN_IDENTITY = "iPhone Developer";
				INFOPLIST_FILE = "动画2/Info.plist";
				LD_RUNPATH_SEARCH_PATHS = "$(inherited) @executable_path/Frameworks";
				PRODUCT_BUNDLE_IDENTIFIER = apple.use;
				PRODUCT_NAME = "$(TARGET_NAME)";
			};
			name = Debug;
		};
		6C5B394C1D4C87A700A6FD0E /* Release */ = {
			isa = XCBuildConfiguration;
			buildSettings = {
				ASSETCATALOG_COMPILER_APPICON_NAME = AppIcon;
				CODE_SIGN_IDENTITY = "iPhone Developer";
				INFOPLIST_FILE = "动画2/Info.plist";
				LD_RUNPATH_SEARCH_PATHS = "$(inherited) @executable_path/Frameworks";
				PRODUCT_BUNDLE_IDENTIFIER = apple.use;
				PRODUCT_NAME = "$(TARGET_NAME)";
			};
			name = Release;
		};
		6C5B394E1D4C87A700A6FD0E /* Debug */ = {
			isa = XCBuildConfiguration;
			buildSettings = {
				BUNDLE_LOADER = "$(TEST_HOST)";
				INFOPLIST_FILE = "动画2Tests/Info.plist";
				LD_RUNPATH_SEARCH_PATHS = "$(inherited) @executable_path/Frameworks @loader_path/Frameworks";
				PRODUCT_BUNDLE_IDENTIFIER = "apple.--2Tests";
				PRODUCT_NAME = "$(TARGET_NAME)";
				TEST_HOST = "$(BUILT_PRODUCTS_DIR)/动画2.app/动画2";
			};
			name = Debug;
		};
		6C5B394F1D4C87A700A6FD0E /* Release */ = {
			isa = XCBuildConfiguration;
			buildSettings = {
				BUNDLE_LOADER = "$(TEST_HOST)";
				INFOPLIST_FILE = "动画2Tests/Info.plist";
				LD_RUNPATH_SEARCH_PATHS = "$(inherited) @executable_path/Frameworks @loader_path/Frameworks";
				PRODUCT_BUNDLE_IDENTIFIER = "apple.--2Tests";
				PRODUCT_NAME = "$(TARGET_NAME)";
				TEST_HOST = "$(BUILT_PRODUCTS_DIR)/动画2.app/动画2";
			};
			name = Release;
		};
		6C5B39511D4C87A700A6FD0E /* Debug */ = {
			isa = XCBuildConfiguration;
			buildSettings = {
				INFOPLIST_FILE = "动画2UITests/Info.plist";
				LD_RUNPATH_SEARCH_PATHS = "$(inherited) @executable_path/Frameworks @loader_path/Frameworks";
				PRODUCT_BUNDLE_IDENTIFIER = "apple.--2UITests";
				PRODUCT_NAME = "$(TARGET_NAME)";
				TEST_TARGET_NAME = "动画2";
			};
			name = Debug;
		};
		6C5B39521D4C87A700A6FD0E /* Release */ = {
			isa = XCBuildConfiguration;
			buildSettings = {
				INFOPLIST_FILE = "动画2UITests/Info.plist";
				LD_RUNPATH_SEARCH_PATHS = "$(inherited) @executable_path/Frameworks @loader_path/Frameworks";
				PRODUCT_BUNDLE_IDENTIFIER = "apple.--2UITests";
				PRODUCT_NAME = "$(TARGET_NAME)";
				TEST_TARGET_NAME = "动画2";
			};
			name = Release;
		};
/* End XCBuildConfiguration section */

/* Begin XCConfigurationList section */
		6C5B39181D4C87A700A6FD0E /* Build configuration list for PBXProject "动画2" */ = {
			isa = XCConfigurationList;
			buildConfigurations = (
				6C5B39481D4C87A700A6FD0E /* Debug */,
				6C5B39491D4C87A700A6FD0E /* Release */,
			);
			defaultConfigurationIsVisible = 0;
			defaultConfigurationName = Release;
		};
		6C5B394A1D4C87A700A6FD0E /* Build configuration list for PBXNativeTarget "动画2" */ = {
			isa = XCConfigurationList;
			buildConfigurations = (
				6C5B394B1D4C87A700A6FD0E /* Debug */,
				6C5B394C1D4C87A700A6FD0E /* Release */,
			);
			defaultConfigurationIsVisible = 0;
		};
		6C5B394D1D4C87A700A6FD0E /* Build configuration list for PBXNativeTarget "动画2Tests" */ = {
			isa = XCConfigurationList;
			buildConfigurations = (
				6C5B394E1D4C87A700A6FD0E /* Debug */,
				6C5B394F1D4C87A700A6FD0E /* Release */,
			);
			defaultConfigurationIsVisible = 0;
		};
		6C5B39501D4C87A700A6FD0E /* Build configuration list for PBXNativeTarget "动画2UITests" */ = {
			isa = XCConfigurationList;
			buildConfigurations = (
				6C5B39511D4C87A700A6FD0E /* Debug */,
				6C5B39521D4C87A700A6FD0E /* Release */,
			);
			defaultConfigurationIsVisible = 0;
		};
/* End XCConfigurationList section */
	};
	rootObject = 6C5B39151D4C87A700A6FD0E /* Project object */;
}
