// !$*UTF8*$!
{
	archiveVersion = 1;
	classes = {
	};
	objectVersion = 46;
	objects = {

/* Begin PBXBuildFile section */
		6CB460711D4BA4DF00DC85B8 /* AppDelegate.swift in Sources */ = {isa = PBXBuildFile; fileRef = 6CB460701D4BA4DF00DC85B8 /* AppDelegate.swift */; };
		6CB460731D4BA4DF00DC85B8 /* ViewController.swift in Sources */ = {isa = PBXBuildFile; fileRef = 6CB460721D4BA4DF00DC85B8 /* ViewController.swift */; };
		6CB460761D4BA4DF00DC85B8 /* Main.storyboard in Resources */ = {isa = PBXBuildFile; fileRef = 6CB460741D4BA4DF00DC85B8 /* Main.storyboard */; };
		6CB460781D4BA4DF00DC85B8 /* Assets.xcassets in Resources */ = {isa = PBXBuildFile; fileRef = 6CB460771D4BA4DF00DC85B8 /* Assets.xcassets */; };
		6CB4607B1D4BA4DF00DC85B8 /* LaunchScreen.storyboard in Resources */ = {isa = PBXBuildFile; fileRef = 6CB460791D4BA4DF00DC85B8 /* LaunchScreen.storyboard */; };
		6CB460861D4BA4E000DC85B8 /* __Tests.swift in Sources */ = {isa = PBXBuildFile; fileRef = 6CB460851D4BA4E000DC85B8 /* __Tests.swift */; };
		6CB460911D4BA4E000DC85B8 /* __UITests.swift in Sources */ = {isa = PBXBuildFile; fileRef = 6CB460901D4BA4E000DC85B8 /* __UITests.swift */; };
/* End PBXBuildFile section */

/* Begin PBXContainerItemProxy section */
		6CB460821D4BA4E000DC85B8 /* PBXContainerItemProxy */ = {
			isa = PBXContainerItemProxy;
			containerPortal = 6CB460651D4BA4DF00DC85B8 /* Project object */;
			proxyType = 1;
			remoteGlobalIDString = 6CB4606C1D4BA4DF00DC85B8;
			remoteInfo = "动画";
		};
		6CB4608D1D4BA4E000DC85B8 /* PBXContainerItemProxy */ = {
			isa = PBXContainerItemProxy;
			containerPortal = 6CB460651D4BA4DF00DC85B8 /* Project object */;
			proxyType = 1;
			remoteGlobalIDString = 6CB4606C1D4BA4DF00DC85B8;
			remoteInfo = "动画";
		};
/* End PBXContainerItemProxy section */

/* Begin PBXFileReference section */
		6CB4606D1D4BA4DF00DC85B8 /* 动画.app */ = {isa = PBXFileReference; explicitFileType = wrapper.application; includeInIndex = 0; path = "动画.app"; sourceTree = BUILT_PRODUCTS_DIR; };
		6CB460701D4BA4DF00DC85B8 /* AppDelegate.swift */ = {isa = PBXFileReference; lastKnownFileType = sourcecode.swift; path = AppDelegate.swift; sourceTree = "<group>"; };
		6CB460721D4BA4DF00DC85B8 /* ViewController.swift */ = {isa = PBXFileReference; lastKnownFileType = sourcecode.swift; path = ViewController.swift; sourceTree = "<group>"; };
		6CB460751D4BA4DF00DC85B8 /* Base */ = {isa = PBXFileReference; lastKnownFileType = file.storyboard; name = Base; path = Base.lproj/Main.storyboard; sourceTree = "<group>"; };
		6CB460771D4BA4DF00DC85B8 /* Assets.xcassets */ = {isa = PBXFileReference; lastKnownFileType = folder.assetcatalog; path = Assets.xcassets; sourceTree = "<group>"; };
		6CB4607A1D4BA4DF00DC85B8 /* Base */ = {isa = PBXFileReference; lastKnownFileType = file.storyboard; name = Base; path = Base.lproj/LaunchScreen.storyboard; sourceTree = "<group>"; };
		6CB4607C1D4BA4DF00DC85B8 /* Info.plist */ = {isa = PBXFileReference; lastKnownFileType = text.plist.xml; path = Info.plist; sourceTree = "<group>"; };
		6CB460811D4BA4E000DC85B8 /* 动画Tests.xctest */ = {isa = PBXFileReference; explicitFileType = wrapper.cfbundle; includeInIndex = 0; path = "动画Tests.xctest"; sourceTree = BUILT_PRODUCTS_DIR; };
		6CB460851D4BA4E000DC85B8 /* __Tests.swift */ = {isa = PBXFileReference; lastKnownFileType = sourcecode.swift; path = __Tests.swift; sourceTree = "<group>"; };
		6CB460871D4BA4E000DC85B8 /* Info.plist */ = {isa = PBXFileReference; lastKnownFileType = text.plist.xml; path = Info.plist; sourceTree = "<group>"; };
		6CB4608C1D4BA4E000DC85B8 /* 动画UITests.xctest */ = {isa = PBXFileReference; explicitFileType = wrapper.cfbundle; includeInIndex = 0; path = "动画UITests.xctest"; sourceTree = BUILT_PRODUCTS_DIR; };
		6CB460901D4BA4E000DC85B8 /* __UITests.swift */ = {isa = PBXFileReference; lastKnownFileType = sourcecode.swift; path = __UITests.swift; sourceTree = "<group>"; };
		6CB460921D4BA4E000DC85B8 /* Info.plist */ = {isa = PBXFileReference; lastKnownFileType = text.plist.xml; path = Info.plist; sourceTree = "<group>"; };
/* End PBXFileReference section */

/* Begin PBXFrameworksBuildPhase section */
		6CB4606A1D4BA4DF00DC85B8 /* Frameworks */ = {
			isa = PBXFrameworksBuildPhase;
			buildActionMask = 2147483647;
			files = (
			);
			runOnlyForDeploymentPostprocessing = 0;
		};
		6CB4607E1D4BA4E000DC85B8 /* Frameworks */ = {
			isa = PBXFrameworksBuildPhase;
			buildActionMask = 2147483647;
			files = (
			);
			runOnlyForDeploymentPostprocessing = 0;
		};
		6CB460891D4BA4E000DC85B8 /* Frameworks */ = {
			isa = PBXFrameworksBuildPhase;
			buildActionMask = 2147483647;
			files = (
			);
			runOnlyForDeploymentPostprocessing = 0;
		};
/* End PBXFrameworksBuildPhase section */

/* Begin PBXGroup section */
		6CB460641D4BA4DF00DC85B8 = {
			isa = PBXGroup;
			children = (
				6CB4606F1D4BA4DF00DC85B8 /* 动画 */,
				6CB460841D4BA4E000DC85B8 /* 动画Tests */,
				6CB4608F1D4BA4E000DC85B8 /* 动画UITests */,
				6CB4606E1D4BA4DF00DC85B8 /* Products */,
			);
			sourceTree = "<group>";
		};
		6CB4606E1D4BA4DF00DC85B8 /* Products */ = {
			isa = PBXGroup;
			children = (
				6CB4606D1D4BA4DF00DC85B8 /* 动画.app */,
				6CB460811D4BA4E000DC85B8 /* 动画Tests.xctest */,
				6CB4608C1D4BA4E000DC85B8 /* 动画UITests.xctest */,
			);
			name = Products;
			sourceTree = "<group>";
		};
		6CB4606F1D4BA4DF00DC85B8 /* 动画 */ = {
			isa = PBXGroup;
			children = (
				6CB460701D4BA4DF00DC85B8 /* AppDelegate.swift */,
				6CB460721D4BA4DF00DC85B8 /* ViewController.swift */,
				6CB460741D4BA4DF00DC85B8 /* Main.storyboard */,
				6CB460771D4BA4DF00DC85B8 /* Assets.xcassets */,
				6CB460791D4BA4DF00DC85B8 /* LaunchScreen.storyboard */,
				6CB4607C1D4BA4DF00DC85B8 /* Info.plist */,
			);
			path = "动画";
			sourceTree = "<group>";
		};
		6CB460841D4BA4E000DC85B8 /* 动画Tests */ = {
			isa = PBXGroup;
			children = (
				6CB460851D4BA4E000DC85B8 /* __Tests.swift */,
				6CB460871D4BA4E000DC85B8 /* Info.plist */,
			);
			path = "动画Tests";
			sourceTree = "<group>";
		};
		6CB4608F1D4BA4E000DC85B8 /* 动画UITests */ = {
			isa = PBXGroup;
			children = (
				6CB460901D4BA4E000DC85B8 /* __UITests.swift */,
				6CB460921D4BA4E000DC85B8 /* Info.plist */,
			);
			path = "动画UITests";
			sourceTree = "<group>";
		};
/* End PBXGroup section */

/* Begin PBXNativeTarget section */
		6CB4606C1D4BA4DF00DC85B8 /* 动画 */ = {
			isa = PBXNativeTarget;
			buildConfigurationList = 6CB460951D4BA4E000DC85B8 /* Build configuration list for PBXNativeTarget "动画" */;
			buildPhases = (
				6CB460691D4BA4DF00DC85B8 /* Sources */,
				6CB4606A1D4BA4DF00DC85B8 /* Frameworks */,
				6CB4606B1D4BA4DF00DC85B8 /* Resources */,
			);
			buildRules = (
			);
			dependencies = (
			);
			name = "动画";
			productName = "动画";
			productReference = 6CB4606D1D4BA4DF00DC85B8 /* 动画.app */;
			productType = "com.apple.product-type.application";
		};
		6CB460801D4BA4E000DC85B8 /* 动画Tests */ = {
			isa = PBXNativeTarget;
			buildConfigurationList = 6CB460981D4BA4E000DC85B8 /* Build configuration list for PBXNativeTarget "动画Tests" */;
			buildPhases = (
				6CB4607D1D4BA4E000DC85B8 /* Sources */,
				6CB4607E1D4BA4E000DC85B8 /* Frameworks */,
				6CB4607F1D4BA4E000DC85B8 /* Resources */,
			);
			buildRules = (
			);
			dependencies = (
				6CB460831D4BA4E000DC85B8 /* PBXTargetDependency */,
			);
			name = "动画Tests";
			productName = "动画Tests";
			productReference = 6CB460811D4BA4E000DC85B8 /* 动画Tests.xctest */;
			productType = "com.apple.product-type.bundle.unit-test";
		};
		6CB4608B1D4BA4E000DC85B8 /* 动画UITests */ = {
			isa = PBXNativeTarget;
			buildConfigurationList = 6CB4609B1D4BA4E000DC85B8 /* Build configuration list for PBXNativeTarget "动画UITests" */;
			buildPhases = (
				6CB460881D4BA4E000DC85B8 /* Sources */,
				6CB460891D4BA4E000DC85B8 /* Frameworks */,
				6CB4608A1D4BA4E000DC85B8 /* Resources */,
			);
			buildRules = (
			);
			dependencies = (
				6CB4608E1D4BA4E000DC85B8 /* PBXTargetDependency */,
			);
			name = "动画UITests";
			productName = "动画UITests";
			productReference = 6CB4608C1D4BA4E000DC85B8 /* 动画UITests.xctest */;
			productType = "com.apple.product-type.bundle.ui-testing";
		};
/* End PBXNativeTarget section */

/* Begin PBXProject section */
		6CB460651D4BA4DF00DC85B8 /* Project object */ = {
			isa = PBXProject;
			attributes = {
				LastSwiftUpdateCheck = 0730;
				LastUpgradeCheck = 0730;
				ORGANIZATIONNAME = "🍋";
				TargetAttributes = {
					6CB4606C1D4BA4DF00DC85B8 = {
						CreatedOnToolsVersion = 7.3.1;
						LastSwiftMigration = 0820;
					};
					6CB460801D4BA4E000DC85B8 = {
						CreatedOnToolsVersion = 7.3.1;
						DevelopmentTeam = VAG9DN592V;
						LastSwiftMigration = 0820;
						TestTargetID = 6CB4606C1D4BA4DF00DC85B8;
					};
					6CB4608B1D4BA4E000DC85B8 = {
						CreatedOnToolsVersion = 7.3.1;
						DevelopmentTeam = VAG9DN592V;
						LastSwiftMigration = 0820;
						TestTargetID = 6CB4606C1D4BA4DF00DC85B8;
					};
				};
			};
			buildConfigurationList = 6CB460681D4BA4DF00DC85B8 /* Build configuration list for PBXProject "动画" */;
			compatibilityVersion = "Xcode 3.2";
			developmentRegion = English;
			hasScannedForEncodings = 0;
			knownRegions = (
				en,
				Base,
			);
			mainGroup = 6CB460641D4BA4DF00DC85B8;
			productRefGroup = 6CB4606E1D4BA4DF00DC85B8 /* Products */;
			projectDirPath = "";
			projectRoot = "";
			targets = (
				6CB4606C1D4BA4DF00DC85B8 /* 动画 */,
				6CB460801D4BA4E000DC85B8 /* 动画Tests */,
				6CB4608B1D4BA4E000DC85B8 /* 动画UITests */,
			);
		};
/* End PBXProject section */

/* Begin PBXResourcesBuildPhase section */
		6CB4606B1D4BA4DF00DC85B8 /* Resources */ = {
			isa = PBXResourcesBuildPhase;
			buildActionMask = 2147483647;
			files = (
				6CB4607B1D4BA4DF00DC85B8 /* LaunchScreen.storyboard in Resources */,
				6CB460781D4BA4DF00DC85B8 /* Assets.xcassets in Resources */,
				6CB460761D4BA4DF00DC85B8 /* Main.storyboard in Resources */,
			);
			runOnlyForDeploymentPostprocessing = 0;
		};
		6CB4607F1D4BA4E000DC85B8 /* Resources */ = {
			isa = PBXResourcesBuildPhase;
			buildActionMask = 2147483647;
			files = (
			);
			runOnlyForDeploymentPostprocessing = 0;
		};
		6CB4608A1D4BA4E000DC85B8 /* Resources */ = {
			isa = PBXResourcesBuildPhase;
			buildActionMask = 2147483647;
			files = (
			);
			runOnlyForDeploymentPostprocessing = 0;
		};
/* End PBXResourcesBuildPhase section */

/* Begin PBXSourcesBuildPhase section */
		6CB460691D4BA4DF00DC85B8 /* Sources */ = {
			isa = PBXSourcesBuildPhase;
			buildActionMask = 2147483647;
			files = (
				6CB460731D4BA4DF00DC85B8 /* ViewController.swift in Sources */,
				6CB460711D4BA4DF00DC85B8 /* AppDelegate.swift in Sources */,
			);
			runOnlyForDeploymentPostprocessing = 0;
		};
		6CB4607D1D4BA4E000DC85B8 /* Sources */ = {
			isa = PBXSourcesBuildPhase;
			buildActionMask = 2147483647;
			files = (
				6CB460861D4BA4E000DC85B8 /* __Tests.swift in Sources */,
			);
			runOnlyForDeploymentPostprocessing = 0;
		};
		6CB460881D4BA4E000DC85B8 /* Sources */ = {
			isa = PBXSourcesBuildPhase;
			buildActionMask = 2147483647;
			files = (
				6CB460911D4BA4E000DC85B8 /* __UITests.swift in Sources */,
			);
			runOnlyForDeploymentPostprocessing = 0;
		};
/* End PBXSourcesBuildPhase section */

/* Begin PBXTargetDependency section */
		6CB460831D4BA4E000DC85B8 /* PBXTargetDependency */ = {
			isa = PBXTargetDependency;
			target = 6CB4606C1D4BA4DF00DC85B8 /* 动画 */;
			targetProxy = 6CB460821D4BA4E000DC85B8 /* PBXContainerItemProxy */;
		};
		6CB4608E1D4BA4E000DC85B8 /* PBXTargetDependency */ = {
			isa = PBXTargetDependency;
			target = 6CB4606C1D4BA4DF00DC85B8 /* 动画 */;
			targetProxy = 6CB4608D1D4BA4E000DC85B8 /* PBXContainerItemProxy */;
		};
/* End PBXTargetDependency section */

/* Begin PBXVariantGroup section */
		6CB460741D4BA4DF00DC85B8 /* Main.storyboard */ = {
			isa = PBXVariantGroup;
			children = (
				6CB460751D4BA4DF00DC85B8 /* Base */,
			);
			name = Main.storyboard;
			sourceTree = "<group>";
		};
		6CB460791D4BA4DF00DC85B8 /* LaunchScreen.storyboard */ = {
			isa = PBXVariantGroup;
			children = (
				6CB4607A1D4BA4DF00DC85B8 /* Base */,
			);
			name = LaunchScreen.storyboard;
			sourceTree = "<group>";
		};
/* End PBXVariantGroup section */

/* Begin XCBuildConfiguration section */
		6CB460931D4BA4E000DC85B8 /* Debug */ = {
			isa = XCBuildConfiguration;
			buildSettings = {
				ALWAYS_SEARCH_USER_PATHS = NO;
				CLANG_ANALYZER_NONNULL = YES;
				CLANG_CXX_LANGUAGE_STANDARD = "gnu++0x";
				CLANG_CXX_LIBRARY = "libc++";
				CLANG_ENABLE_MODULES = YES;
				CLANG_ENABLE_OBJC_ARC = YES;
				CLANG_WARN_BOOL_CONVERSION = YES;
				CLANG_WARN_CONSTANT_CONVERSION = YES;
				CLANG_WARN_DIRECT_OBJC_ISA_USAGE = YES_ERROR;
				CLANG_WARN_EMPTY_BODY = YES;
				CLANG_WARN_ENUM_CONVERSION = YES;
				CLANG_WARN_INT_CONVERSION = YES;
				CLANG_WARN_OBJC_ROOT_CLASS = YES_ERROR;
				CLANG_WARN_UNREACHABLE_CODE = YES;
				CLANG_WARN__DUPLICATE_METHOD_MATCH = YES;
				"CODE_SIGN_IDENTITY[sdk=iphoneos*]" = "iPhone Developer";
				COPY_PHASE_STRIP = NO;
				DEBUG_INFORMATION_FORMAT = dwarf;
				ENABLE_STRICT_OBJC_MSGSEND = YES;
				ENABLE_TESTABILITY = YES;
				GCC_C_LANGUAGE_STANDARD = gnu99;
				GCC_DYNAMIC_NO_PIC = NO;
				GCC_NO_COMMON_BLOCKS = YES;
				GCC_OPTIMIZATION_LEVEL = 0;
				GCC_PREPROCESSOR_DEFINITIONS = (
					"DEBUG=1",
					"$(inherited)",
				);
				GCC_WARN_64_TO_32_BIT_CONVERSION = YES;
				GCC_WARN_ABOUT_RETURN_TYPE = YES_ERROR;
				GCC_WARN_UNDECLARED_SELECTOR = YES;
				GCC_WARN_UNINITIALIZED_AUTOS = YES_AGGRESSIVE;
				GCC_WARN_UNUSED_FUNCTION = YES;
				GCC_WARN_UNUSED_VARIABLE = YES;
				IPHONEOS_DEPLOYMENT_TARGET = 9.3;
				MTL_ENABLE_DEBUG_INFO = YES;
				ONLY_ACTIVE_ARCH = YES;
				SDKROOT = iphoneos;
				SWIFT_OPTIMIZATION_LEVEL = "-Onone";
				TARGETED_DEVICE_FAMILY = "1,2";
			};
			name = Debug;
		};
		6CB460941D4BA4E000DC85B8 /* Release */ = {
			isa = XCBuildConfiguration;
			buildSettings = {
				ALWAYS_SEARCH_USER_PATHS = NO;
				CLANG_ANALYZER_NONNULL = YES;
				CLANG_CXX_LANGUAGE_STANDARD = "gnu++0x";
				CLANG_CXX_LIBRARY = "libc++";
				CLANG_ENABLE_MODULES = YES;
				CLANG_ENABLE_OBJC_ARC = YES;
				CLANG_WARN_BOOL_CONVERSION = YES;
				CLANG_WARN_CONSTANT_CONVERSION = YES;
				CLANG_WARN_DIRECT_OBJC_ISA_USAGE = YES_ERROR;
				CLANG_WARN_EMPTY_BODY = YES;
				CLANG_WARN_ENUM_CONVERSION = YES;
				CLANG_WARN_INT_CONVERSION = YES;
				CLANG_WARN_OBJC_ROOT_CLASS = YES_ERROR;
				CLANG_WARN_UNREACHABLE_CODE = YES;
				CLANG_WARN__DUPLICATE_METHOD_MATCH = YES;
				"CODE_SIGN_IDENTITY[sdk=iphoneos*]" = "iPhone Developer";
				COPY_PHASE_STRIP = NO;
				DEBUG_INFORMATION_FORMAT = "dwarf-with-dsym";
				ENABLE_NS_ASSERTIONS = NO;
				ENABLE_STRICT_OBJC_MSGSEND = YES;
				GCC_C_LANGUAGE_STANDARD = gnu99;
				GCC_NO_COMMON_BLOCKS = YES;
				GCC_WARN_64_TO_32_BIT_CONVERSION = YES;
				GCC_WARN_ABOUT_RETURN_TYPE = YES_ERROR;
				GCC_WARN_UNDECLARED_SELECTOR = YES;
				GCC_WARN_UNINITIALIZED_AUTOS = YES_AGGRESSIVE;
				GCC_WARN_UNUSED_FUNCTION = YES;
				GCC_WARN_UNUSED_VARIABLE = YES;
				IPHONEOS_DEPLOYMENT_TARGET = 9.3;
				MTL_ENABLE_DEBUG_INFO = NO;
				SDKROOT = iphoneos;
				TARGETED_DEVICE_FAMILY = "1,2";
				VALIDATE_PRODUCT = YES;
			};
			name = Release;
		};
		6CB460961D4BA4E000DC85B8 /* Debug */ = {
			isa = XCBuildConfiguration;
			buildSettings = {
				ASSETCATALOG_COMPILER_APPICON_NAME = AppIcon;
				CODE_SIGN_IDENTITY = "iPhone Developer";
				INFOPLIST_FILE = "动画/Info.plist";
				LD_RUNPATH_SEARCH_PATHS = "$(inherited) @executable_path/Frameworks";
				PRODUCT_BUNDLE_IDENTIFIER = apple.use;
				PRODUCT_NAME = "$(TARGET_NAME)";
				SWIFT_VERSION = 3.0;
			};
			name = Debug;
		};
		6CB460971D4BA4E000DC85B8 /* Release */ = {
			isa = XCBuildConfiguration;
			buildSettings = {
				ASSETCATALOG_COMPILER_APPICON_NAME = AppIcon;
				CODE_SIGN_IDENTITY = "iPhone Developer";
				INFOPLIST_FILE = "动画/Info.plist";
				LD_RUNPATH_SEARCH_PATHS = "$(inherited) @executable_path/Frameworks";
				PRODUCT_BUNDLE_IDENTIFIER = apple.use;
				PRODUCT_NAME = "$(TARGET_NAME)";
				SWIFT_VERSION = 3.0;
			};
			name = Release;
		};
		6CB460991D4BA4E000DC85B8 /* Debug */ = {
			isa = XCBuildConfiguration;
			buildSettings = {
				BUNDLE_LOADER = "$(TEST_HOST)";
				INFOPLIST_FILE = "动画Tests/Info.plist";
				LD_RUNPATH_SEARCH_PATHS = "$(inherited) @executable_path/Frameworks @loader_path/Frameworks";
				PRODUCT_BUNDLE_IDENTIFIER = "apple.--Tests";
				PRODUCT_NAME = "$(TARGET_NAME)";
				SWIFT_VERSION = 3.0;
				TEST_HOST = "$(BUILT_PRODUCTS_DIR)/动画.app/动画";
			};
			name = Debug;
		};
		6CB4609A1D4BA4E000DC85B8 /* Release */ = {
			isa = XCBuildConfiguration;
			buildSettings = {
				BUNDLE_LOADER = "$(TEST_HOST)";
				INFOPLIST_FILE = "动画Tests/Info.plist";
				LD_RUNPATH_SEARCH_PATHS = "$(inherited) @executable_path/Frameworks @loader_path/Frameworks";
				PRODUCT_BUNDLE_IDENTIFIER = "apple.--Tests";
				PRODUCT_NAME = "$(TARGET_NAME)";
				SWIFT_VERSION = 3.0;
				TEST_HOST = "$(BUILT_PRODUCTS_DIR)/动画.app/动画";
			};
			name = Release;
		};
		6CB4609C1D4BA4E000DC85B8 /* Debug */ = {
			isa = XCBuildConfiguration;
			buildSettings = {
				INFOPLIST_FILE = "动画UITests/Info.plist";
				LD_RUNPATH_SEARCH_PATHS = "$(inherited) @executable_path/Frameworks @loader_path/Frameworks";
				PRODUCT_BUNDLE_IDENTIFIER = "apple.--UITests";
				PRODUCT_NAME = "$(TARGET_NAME)";
				SWIFT_VERSION = 3.0;
				TEST_TARGET_NAME = "动画";
			};
			name = Debug;
		};
		6CB4609D1D4BA4E000DC85B8 /* Release */ = {
			isa = XCBuildConfiguration;
			buildSettings = {
				INFOPLIST_FILE = "动画UITests/Info.plist";
				LD_RUNPATH_SEARCH_PATHS = "$(inherited) @executable_path/Frameworks @loader_path/Frameworks";
				PRODUCT_BUNDLE_IDENTIFIER = "apple.--UITests";
				PRODUCT_NAME = "$(TARGET_NAME)";
				SWIFT_VERSION = 3.0;
				TEST_TARGET_NAME = "动画";
			};
			name = Release;
		};
/* End XCBuildConfiguration section */

/* Begin XCConfigurationList section */
		6CB460681D4BA4DF00DC85B8 /* Build configuration list for PBXProject "动画" */ = {
			isa = XCConfigurationList;
			buildConfigurations = (
				6CB460931D4BA4E000DC85B8 /* Debug */,
				6CB460941D4BA4E000DC85B8 /* Release */,
			);
			defaultConfigurationIsVisible = 0;
			defaultConfigurationName = Release;
		};
		6CB460951D4BA4E000DC85B8 /* Build configuration list for PBXNativeTarget "动画" */ = {
			isa = XCConfigurationList;
			buildConfigurations = (
				6CB460961D4BA4E000DC85B8 /* Debug */,
				6CB460971D4BA4E000DC85B8 /* Release */,
			);
			defaultConfigurationIsVisible = 0;
			defaultConfigurationName = Release;
		};
		6CB460981D4BA4E000DC85B8 /* Build configuration list for PBXNativeTarget "动画Tests" */ = {
			isa = XCConfigurationList;
			buildConfigurations = (
				6CB460991D4BA4E000DC85B8 /* Debug */,
				6CB4609A1D4BA4E000DC85B8 /* Release */,
			);
			defaultConfigurationIsVisible = 0;
			defaultConfigurationName = Release;
		};
		6CB4609B1D4BA4E000DC85B8 /* Build configuration list for PBXNativeTarget "动画UITests" */ = {
			isa = XCConfigurationList;
			buildConfigurations = (
				6CB4609C1D4BA4E000DC85B8 /* Debug */,
				6CB4609D1D4BA4E000DC85B8 /* Release */,
			);
			defaultConfigurationIsVisible = 0;
			defaultConfigurationName = Release;
		};
/* End XCConfigurationList section */
	};
	rootObject = 6CB460651D4BA4DF00DC85B8 /* Project object */;
}
